// !$*UTF8*$!
{
	archiveVersion = 1;
	classes = {
	};
	objectVersion = 70;
	objects = {

/* Begin PBXBuildFile section */
		4253ABF32736A09C00EAA85E /* main.swift in Sources */ = {isa = PBXBuildFile; fileRef = 4253ABF22736A09C00EAA85E /* main.swift */; };
		4253ABFB2736A12B00EAA85E /* FIT in Frameworks */ = {isa = PBXBuildFile; productRef = 4253ABFA2736A12B00EAA85E /* FIT */; };
		4253ABFD2736B75500EAA85E /* ArgumentParser in Frameworks */ = {isa = PBXBuildFile; productRef = 4253ABFC2736B75500EAA85E /* ArgumentParser */; };
		4286E2DC2594D9180010DFF8 /* main.swift in Sources */ = {isa = PBXBuildFile; fileRef = 4286E2DB2594D90A0010DFF8 /* main.swift */; };
		4286E2E02594D9200010DFF8 /* main.swift in Sources */ = {isa = PBXBuildFile; fileRef = 4286E2D92594D90A0010DFF8 /* main.swift */; };
		4286E2E42594D9250010DFF8 /* main.cpp in Sources */ = {isa = PBXBuildFile; fileRef = 4286E2D72594D90A0010DFF8 /* main.cpp */; };
		4286E2E82594D9460010DFF8 /* fit_mesg.cpp in Sources */ = {isa = PBXBuildFile; fileRef = 4286E21A2594D9090010DFF8 /* fit_mesg.cpp */; };
		4286E2E92594D9460010DFF8 /* fit_encode.cpp in Sources */ = {isa = PBXBuildFile; fileRef = 4286E2502594D9090010DFF8 /* fit_encode.cpp */; };
		4286E2EA2594D9460010DFF8 /* fit_mesg_definition.cpp in Sources */ = {isa = PBXBuildFile; fileRef = 4286E24E2594D9090010DFF8 /* fit_mesg_definition.cpp */; };
		4286E2EB2594D9460010DFF8 /* fit_field_definition.cpp in Sources */ = {isa = PBXBuildFile; fileRef = 4286E2632594D9090010DFF8 /* fit_field_definition.cpp */; };
		4286E2EC2594D9460010DFF8 /* fit_buffer_encode.cpp in Sources */ = {isa = PBXBuildFile; fileRef = 4286E26B2594D9090010DFF8 /* fit_buffer_encode.cpp */; };
		4286E2ED2594D9460010DFF8 /* fit_developer_field_definition.cpp in Sources */ = {isa = PBXBuildFile; fileRef = 4286E2742594D9090010DFF8 /* fit_developer_field_definition.cpp */; };
		4286E2EE2594D9460010DFF8 /* fit_accumulated_field.cpp in Sources */ = {isa = PBXBuildFile; fileRef = 4286E2B72594D90A0010DFF8 /* fit_accumulated_field.cpp */; };
		4286E2EF2594D9460010DFF8 /* fit_mesg_with_event_broadcaster.cpp in Sources */ = {isa = PBXBuildFile; fileRef = 4286E27E2594D9090010DFF8 /* fit_mesg_with_event_broadcaster.cpp */; };
		4286E2F02594D9460010DFF8 /* fit_field.cpp in Sources */ = {isa = PBXBuildFile; fileRef = 4286E2322594D9090010DFF8 /* fit_field.cpp */; };
		4286E2F12594D9460010DFF8 /* fit_mesg_broadcaster.cpp in Sources */ = {isa = PBXBuildFile; fileRef = 4286E27B2594D9090010DFF8 /* fit_mesg_broadcaster.cpp */; };
		4286E2F22594D9460010DFF8 /* fit_crc.cpp in Sources */ = {isa = PBXBuildFile; fileRef = 4286E2962594D9090010DFF8 /* fit_crc.cpp */; };
		4286E2F32594D9460010DFF8 /* fit_field_base.cpp in Sources */ = {isa = PBXBuildFile; fileRef = 4286E27F2594D9090010DFF8 /* fit_field_base.cpp */; };
		4286E2F42594D9460010DFF8 /* fit.cpp in Sources */ = {isa = PBXBuildFile; fileRef = 4286E2942594D9090010DFF8 /* fit.cpp */; };
		4286E2F52594D9460010DFF8 /* fit_factory.cpp in Sources */ = {isa = PBXBuildFile; fileRef = 4286E2D02594D90A0010DFF8 /* fit_factory.cpp */; };
		4286E2F62594D9460010DFF8 /* fit_decode.cpp in Sources */ = {isa = PBXBuildFile; fileRef = 4286E2082594D9090010DFF8 /* fit_decode.cpp */; };
		4286E2F72594D9460010DFF8 /* fit_profile.cpp in Sources */ = {isa = PBXBuildFile; fileRef = 4286E2372594D9090010DFF8 /* fit_profile.cpp */; };
		4286E2F82594D9460010DFF8 /* fit_developer_field.cpp in Sources */ = {isa = PBXBuildFile; fileRef = 4286E1F92594D9090010DFF8 /* fit_developer_field.cpp */; };
		4286E2F92594D9460010DFF8 /* fit_buffered_record_mesg_broadcaster.cpp in Sources */ = {isa = PBXBuildFile; fileRef = 4286E22A2594D9090010DFF8 /* fit_buffered_record_mesg_broadcaster.cpp */; };
		4286E2FA2594D9460010DFF8 /* fit_buffered_mesg_broadcaster.cpp in Sources */ = {isa = PBXBuildFile; fileRef = 4286E1F42594D9090010DFF8 /* fit_buffered_mesg_broadcaster.cpp */; };
		4286E2FB2594D9460010DFF8 /* fit_developer_field_description.cpp in Sources */ = {isa = PBXBuildFile; fileRef = 4286E25F2594D9090010DFF8 /* fit_developer_field_description.cpp */; };
		4286E2FC2594D9460010DFF8 /* fit_accumulator.cpp in Sources */ = {isa = PBXBuildFile; fileRef = 4286E20F2594D9090010DFF8 /* fit_accumulator.cpp */; };
		4286E2FD2594D9460010DFF8 /* fit_unicode.cpp in Sources */ = {isa = PBXBuildFile; fileRef = 4286E2B52594D90A0010DFF8 /* fit_unicode.cpp */; };
		4286E2FE2594D9460010DFF8 /* fit_date_time.cpp in Sources */ = {isa = PBXBuildFile; fileRef = 4286E2592594D9090010DFF8 /* fit_date_time.cpp */; };
		4286E2FF2594D9460010DFF8 /* fit_protocol_validator.cpp in Sources */ = {isa = PBXBuildFile; fileRef = 4286E2052594D9090010DFF8 /* fit_protocol_validator.cpp */; };
		42E880B4257D6FF60024546F /* ArgumentParser in Frameworks */ = {isa = PBXBuildFile; productRef = 42E880B3257D6FF60024546F /* ArgumentParser */; };
		42E880B9257D70D30024546F /* ArgumentParser in Frameworks */ = {isa = PBXBuildFile; productRef = 42E880B8257D70D30024546F /* ArgumentParser */; };
		42E880BC257D711D0024546F /* FitDataProtocol in Frameworks */ = {isa = PBXBuildFile; productRef = 42E880BB257D711D0024546F /* FitDataProtocol */; };
		42E880CD257D97750024546F /* FitFileParser in Frameworks */ = {isa = PBXBuildFile; productRef = 42E880CC257D97750024546F /* FitFileParser */; };
		92AAA76E2DCFE49700602A8B /* FITSwiftSDK in Frameworks */ = {isa = PBXBuildFile; productRef = 92AAA76D2DCFE49700602A8B /* FITSwiftSDK */; };
		92AAA7702DCFEED700602A8B /* ArgumentParser in Frameworks */ = {isa = PBXBuildFile; productRef = 92AAA76F2DCFEED700602A8B /* ArgumentParser */; };
/* End PBXBuildFile section */

/* Begin PBXCopyFilesBuildPhase section */
		4253ABEE2736A09C00EAA85E /* CopyFiles */ = {
			isa = PBXCopyFilesBuildPhase;
			buildActionMask = 2147483647;
			dstPath = /usr/share/man/man1/;
			dstSubfolderSpec = 0;
			files = (
			);
			runOnlyForDeploymentPostprocessing = 1;
		};
		4265FDF5257E3C0300D562DF /* CopyFiles */ = {
			isa = PBXCopyFilesBuildPhase;
			buildActionMask = 2147483647;
			dstPath = /usr/share/man/man1/;
			dstSubfolderSpec = 0;
			files = (
			);
			runOnlyForDeploymentPostprocessing = 1;
		};
		42E88093257D6F2A0024546F /* CopyFiles */ = {
			isa = PBXCopyFilesBuildPhase;
			buildActionMask = 2147483647;
			dstPath = /usr/share/man/man1/;
			dstSubfolderSpec = 0;
			files = (
			);
			runOnlyForDeploymentPostprocessing = 1;
		};
		42E880A2257D6F5F0024546F /* CopyFiles */ = {
			isa = PBXCopyFilesBuildPhase;
			buildActionMask = 2147483647;
			dstPath = /usr/share/man/man1/;
			dstSubfolderSpec = 0;
			files = (
			);
			runOnlyForDeploymentPostprocessing = 1;
		};
		92AAA7632DCFE43D00602A8B /* CopyFiles */ = {
			isa = PBXCopyFilesBuildPhase;
			buildActionMask = 2147483647;
			dstPath = /usr/share/man/man1/;
			dstSubfolderSpec = 0;
			files = (
			);
			runOnlyForDeploymentPostprocessing = 1;
		};
/* End PBXCopyFilesBuildPhase section */

/* Begin PBXFileReference section */
		4253ABF02736A09C00EAA85E /* fitsdkobjc */ = {isa = PBXFileReference; explicitFileType = "compiled.mach-o.executable"; includeInIndex = 0; path = fitsdkobjc; sourceTree = BUILT_PRODUCTS_DIR; };
		4253ABF22736A09C00EAA85E /* main.swift */ = {isa = PBXFileReference; lastKnownFileType = sourcecode.swift; path = main.swift; sourceTree = "<group>"; };
		4253ABF82736A0F400EAA85E /* objcpp */ = {isa = PBXFileReference; lastKnownFileType = folder; name = objcpp; path = Sources/fitsdkobjc/objcpp; sourceTree = "<group>"; };
		4253ABF92736A11600EAA85E /* objcpp */ = {isa = PBXFileReference; lastKnownFileType = folder; path = objcpp; sourceTree = "<group>"; };
		4265FDF7257E3C0300D562DF /* fitsdkcpp */ = {isa = PBXFileReference; explicitFileType = "compiled.mach-o.executable"; includeInIndex = 0; path = fitsdkcpp; sourceTree = BUILT_PRODUCTS_DIR; };
		4286E1ED2594D9090010DFF8 /* fit_power_zone_mesg_listener.hpp */ = {isa = PBXFileReference; lastKnownFileType = sourcecode.cpp.h; path = fit_power_zone_mesg_listener.hpp; sourceTree = "<group>"; };
		4286E1EE2594D9090010DFF8 /* fit_segment_point_mesg_listener.hpp */ = {isa = PBXFileReference; lastKnownFileType = sourcecode.cpp.h; path = fit_segment_point_mesg_listener.hpp; sourceTree = "<group>"; };
		4286E1EF2594D9090010DFF8 /* fit_monitoring_info_mesg_listener.hpp */ = {isa = PBXFileReference; lastKnownFileType = sourcecode.cpp.h; path = fit_monitoring_info_mesg_listener.hpp; sourceTree = "<group>"; };
		4286E1F02594D9090010DFF8 /* fit_workout_step_mesg_listener.hpp */ = {isa = PBXFileReference; lastKnownFileType = sourcecode.cpp.h; path = fit_workout_step_mesg_listener.hpp; sourceTree = "<group>"; };
		4286E1F12594D9090010DFF8 /* fit_dive_gas_mesg.hpp */ = {isa = PBXFileReference; lastKnownFileType = sourcecode.cpp.h; path = fit_dive_gas_mesg.hpp; sourceTree = "<group>"; };
		4286E1F22594D9090010DFF8 /* fit_bike_profile_mesg.hpp */ = {isa = PBXFileReference; lastKnownFileType = sourcecode.cpp.h; path = fit_bike_profile_mesg.hpp; sourceTree = "<group>"; };
		4286E1F32594D9090010DFF8 /* fit_obdii_data_mesg.hpp */ = {isa = PBXFileReference; lastKnownFileType = sourcecode.cpp.h; path = fit_obdii_data_mesg.hpp; sourceTree = "<group>"; };
		4286E1F42594D9090010DFF8 /* fit_buffered_mesg_broadcaster.cpp */ = {isa = PBXFileReference; lastKnownFileType = sourcecode.cpp.cpp; path = fit_buffered_mesg_broadcaster.cpp; sourceTree = "<group>"; };
		4286E1F52594D9090010DFF8 /* fit_hrv_mesg.hpp */ = {isa = PBXFileReference; lastKnownFileType = sourcecode.cpp.h; path = fit_hrv_mesg.hpp; sourceTree = "<group>"; };
		4286E1F62594D9090010DFF8 /* fit_sdm_profile_mesg.hpp */ = {isa = PBXFileReference; lastKnownFileType = sourcecode.cpp.h; path = fit_sdm_profile_mesg.hpp; sourceTree = "<group>"; };
		4286E1F72594D9090010DFF8 /* fit_session_mesg.hpp */ = {isa = PBXFileReference; lastKnownFileType = sourcecode.cpp.h; path = fit_session_mesg.hpp; sourceTree = "<group>"; };
		4286E1F82594D9090010DFF8 /* fit_ant_rx_mesg_listener.hpp */ = {isa = PBXFileReference; lastKnownFileType = sourcecode.cpp.h; path = fit_ant_rx_mesg_listener.hpp; sourceTree = "<group>"; };
		4286E1F92594D9090010DFF8 /* fit_developer_field.cpp */ = {isa = PBXFileReference; lastKnownFileType = sourcecode.cpp.cpp; path = fit_developer_field.cpp; sourceTree = "<group>"; };
		4286E1FA2594D9090010DFF8 /* fit_camera_event_mesg_listener.hpp */ = {isa = PBXFileReference; lastKnownFileType = sourcecode.cpp.h; path = fit_camera_event_mesg_listener.hpp; sourceTree = "<group>"; };
		4286E1FB2594D9090010DFF8 /* fit_set_mesg.hpp */ = {isa = PBXFileReference; lastKnownFileType = sourcecode.cpp.h; path = fit_set_mesg.hpp; sourceTree = "<group>"; };
		4286E1FC2594D9090010DFF8 /* fit_ant_tx_mesg.hpp */ = {isa = PBXFileReference; lastKnownFileType = sourcecode.cpp.h; path = fit_ant_tx_mesg.hpp; sourceTree = "<group>"; };
		4286E1FD2594D9090010DFF8 /* fit_mesg_broadcast_plugin.hpp */ = {isa = PBXFileReference; lastKnownFileType = sourcecode.cpp.h; path = fit_mesg_broadcast_plugin.hpp; sourceTree = "<group>"; };
		4286E1FE2594D9090010DFF8 /* fit_weather_conditions_mesg.hpp */ = {isa = PBXFileReference; lastKnownFileType = sourcecode.cpp.h; path = fit_weather_conditions_mesg.hpp; sourceTree = "<group>"; };
		4286E1FF2594D9090010DFF8 /* fit_segment_point_mesg.hpp */ = {isa = PBXFileReference; lastKnownFileType = sourcecode.cpp.h; path = fit_segment_point_mesg.hpp; sourceTree = "<group>"; };
		4286E2002594D9090010DFF8 /* fit_developer_data_id_mesg.hpp */ = {isa = PBXFileReference; lastKnownFileType = sourcecode.cpp.h; path = fit_developer_data_id_mesg.hpp; sourceTree = "<group>"; };
		4286E2012594D9090010DFF8 /* fit_software_mesg_listener.hpp */ = {isa = PBXFileReference; lastKnownFileType = sourcecode.cpp.h; path = fit_software_mesg_listener.hpp; sourceTree = "<group>"; };
		4286E2022594D9090010DFF8 /* fit_watchface_settings_mesg_listener.hpp */ = {isa = PBXFileReference; lastKnownFileType = sourcecode.cpp.h; path = fit_watchface_settings_mesg_listener.hpp; sourceTree = "<group>"; };
		4286E2032594D9090010DFF8 /* fit_monitoring_info_mesg.hpp */ = {isa = PBXFileReference; lastKnownFileType = sourcecode.cpp.h; path = fit_monitoring_info_mesg.hpp; sourceTree = "<group>"; };
		4286E2042594D9090010DFF8 /* fit_barometer_data_mesg.hpp */ = {isa = PBXFileReference; lastKnownFileType = sourcecode.cpp.h; path = fit_barometer_data_mesg.hpp; sourceTree = "<group>"; };
		4286E2052594D9090010DFF8 /* fit_protocol_validator.cpp */ = {isa = PBXFileReference; lastKnownFileType = sourcecode.cpp.cpp; path = fit_protocol_validator.cpp; sourceTree = "<group>"; };
		4286E2062594D9090010DFF8 /* fit_field_capabilities_mesg.hpp */ = {isa = PBXFileReference; lastKnownFileType = sourcecode.cpp.h; path = fit_field_capabilities_mesg.hpp; sourceTree = "<group>"; };
		4286E2072594D9090010DFF8 /* fit_accumulated_field.hpp */ = {isa = PBXFileReference; lastKnownFileType = sourcecode.cpp.h; path = fit_accumulated_field.hpp; sourceTree = "<group>"; };
		4286E2082594D9090010DFF8 /* fit_decode.cpp */ = {isa = PBXFileReference; lastKnownFileType = sourcecode.cpp.cpp; path = fit_decode.cpp; sourceTree = "<group>"; };
		4286E2092594D9090010DFF8 /* fit_cadence_zone_mesg_listener.hpp */ = {isa = PBXFileReference; lastKnownFileType = sourcecode.cpp.h; path = fit_cadence_zone_mesg_listener.hpp; sourceTree = "<group>"; };
		4286E20A2594D9090010DFF8 /* fit_unicode.hpp */ = {isa = PBXFileReference; lastKnownFileType = sourcecode.cpp.h; path = fit_unicode.hpp; sourceTree = "<group>"; };
		4286E20B2594D9090010DFF8 /* fit_slave_device_mesg_listener.hpp */ = {isa = PBXFileReference; lastKnownFileType = sourcecode.cpp.h; path = fit_slave_device_mesg_listener.hpp; sourceTree = "<group>"; };
		4286E20C2594D9090010DFF8 /* fit_ant_channel_id_mesg.hpp */ = {isa = PBXFileReference; lastKnownFileType = sourcecode.cpp.h; path = fit_ant_channel_id_mesg.hpp; sourceTree = "<group>"; };
		4286E20D2594D9090010DFF8 /* fit_file_id_mesg.hpp */ = {isa = PBXFileReference; lastKnownFileType = sourcecode.cpp.h; path = fit_file_id_mesg.hpp; sourceTree = "<group>"; };
		4286E20E2594D9090010DFF8 /* fit_record_mesg_listener.hpp */ = {isa = PBXFileReference; lastKnownFileType = sourcecode.cpp.h; path = fit_record_mesg_listener.hpp; sourceTree = "<group>"; };
		4286E20F2594D9090010DFF8 /* fit_accumulator.cpp */ = {isa = PBXFileReference; lastKnownFileType = sourcecode.cpp.cpp; path = fit_accumulator.cpp; sourceTree = "<group>"; };
		4286E2102594D9090010DFF8 /* fit_segment_leaderboard_entry_mesg.hpp */ = {isa = PBXFileReference; lastKnownFileType = sourcecode.cpp.h; path = fit_segment_leaderboard_entry_mesg.hpp; sourceTree = "<group>"; };
		4286E2112594D9090010DFF8 /* fit_video_clip_mesg_listener.hpp */ = {isa = PBXFileReference; lastKnownFileType = sourcecode.cpp.h; path = fit_video_clip_mesg_listener.hpp; sourceTree = "<group>"; };
		4286E2122594D9090010DFF8 /* fit_file_creator_mesg_listener.hpp */ = {isa = PBXFileReference; lastKnownFileType = sourcecode.cpp.h; path = fit_file_creator_mesg_listener.hpp; sourceTree = "<group>"; };
		4286E2132594D9090010DFF8 /* fit_exd_data_field_configuration_mesg_listener.hpp */ = {isa = PBXFileReference; lastKnownFileType = sourcecode.cpp.h; path = fit_exd_data_field_configuration_mesg_listener.hpp; sourceTree = "<group>"; };
		4286E2142594D9090010DFF8 /* fit_ant_rx_mesg.hpp */ = {isa = PBXFileReference; lastKnownFileType = sourcecode.cpp.h; path = fit_ant_rx_mesg.hpp; sourceTree = "<group>"; };
		4286E2152594D9090010DFF8 /* fit_field_description_mesg.hpp */ = {isa = PBXFileReference; lastKnownFileType = sourcecode.cpp.h; path = fit_field_description_mesg.hpp; sourceTree = "<group>"; };
		4286E2162594D9090010DFF8 /* fit_schedule_mesg.hpp */ = {isa = PBXFileReference; lastKnownFileType = sourcecode.cpp.h; path = fit_schedule_mesg.hpp; sourceTree = "<group>"; };
		4286E2172594D9090010DFF8 /* fit_zones_target_mesg_listener.hpp */ = {isa = PBXFileReference; lastKnownFileType = sourcecode.cpp.h; path = fit_zones_target_mesg_listener.hpp; sourceTree = "<group>"; };
		4286E2182594D9090010DFF8 /* fit_video_clip_mesg.hpp */ = {isa = PBXFileReference; lastKnownFileType = sourcecode.cpp.h; path = fit_video_clip_mesg.hpp; sourceTree = "<group>"; };
		4286E2192594D9090010DFF8 /* fit_device_settings_mesg_listener.hpp */ = {isa = PBXFileReference; lastKnownFileType = sourcecode.cpp.h; path = fit_device_settings_mesg_listener.hpp; sourceTree = "<group>"; };
		4286E21A2594D9090010DFF8 /* fit_mesg.cpp */ = {isa = PBXFileReference; lastKnownFileType = sourcecode.cpp.cpp; path = fit_mesg.cpp; sourceTree = "<group>"; };
		4286E21B2594D9090010DFF8 /* fit_accelerometer_data_mesg.hpp */ = {isa = PBXFileReference; lastKnownFileType = sourcecode.cpp.h; path = fit_accelerometer_data_mesg.hpp; sourceTree = "<group>"; };
		4286E21C2594D9090010DFF8 /* fit_met_zone_mesg.hpp */ = {isa = PBXFileReference; lastKnownFileType = sourcecode.cpp.h; path = fit_met_zone_mesg.hpp; sourceTree = "<group>"; };
		4286E21D2594D9090010DFF8 /* fit_hrm_profile_mesg.hpp */ = {isa = PBXFileReference; lastKnownFileType = sourcecode.cpp.h; path = fit_hrm_profile_mesg.hpp; sourceTree = "<group>"; };
		4286E21E2594D9090010DFF8 /* fit_speed_zone_mesg_listener.hpp */ = {isa = PBXFileReference; lastKnownFileType = sourcecode.cpp.h; path = fit_speed_zone_mesg_listener.hpp; sourceTree = "<group>"; };
		4286E21F2594D9090010DFF8 /* fit_weather_alert_mesg_listener.hpp */ = {isa = PBXFileReference; lastKnownFileType = sourcecode.cpp.h; path = fit_weather_alert_mesg_listener.hpp; sourceTree = "<group>"; };
		4286E2202594D9090010DFF8 /* fit_goal_mesg_listener.hpp */ = {isa = PBXFileReference; lastKnownFileType = sourcecode.cpp.h; path = fit_goal_mesg_listener.hpp; sourceTree = "<group>"; };
		4286E2212594D9090010DFF8 /* fit_factory.hpp */ = {isa = PBXFileReference; lastKnownFileType = sourcecode.cpp.h; path = fit_factory.hpp; sourceTree = "<group>"; };
		4286E2222594D9090010DFF8 /* fit_memo_glob_mesg.hpp */ = {isa = PBXFileReference; lastKnownFileType = sourcecode.cpp.h; path = fit_memo_glob_mesg.hpp; sourceTree = "<group>"; };
		4286E2232594D9090010DFF8 /* fit_cadence_zone_mesg.hpp */ = {isa = PBXFileReference; lastKnownFileType = sourcecode.cpp.h; path = fit_cadence_zone_mesg.hpp; sourceTree = "<group>"; };
		4286E2242594D9090010DFF8 /* fit_buffered_record_mesg.hpp */ = {isa = PBXFileReference; lastKnownFileType = sourcecode.cpp.h; path = fit_buffered_record_mesg.hpp; sourceTree = "<group>"; };
		4286E2252594D9090010DFF8 /* fit_workout_mesg_listener.hpp */ = {isa = PBXFileReference; lastKnownFileType = sourcecode.cpp.h; path = fit_workout_mesg_listener.hpp; sourceTree = "<group>"; };
		4286E2262594D9090010DFF8 /* fit_gps_metadata_mesg.hpp */ = {isa = PBXFileReference; lastKnownFileType = sourcecode.cpp.h; path = fit_gps_metadata_mesg.hpp; sourceTree = "<group>"; };
		4286E2272594D9090010DFF8 /* fit_three_d_sensor_calibration_mesg.hpp */ = {isa = PBXFileReference; lastKnownFileType = sourcecode.cpp.h; path = fit_three_d_sensor_calibration_mesg.hpp; sourceTree = "<group>"; };
		4286E2282594D9090010DFF8 /* fit_video_title_mesg.hpp */ = {isa = PBXFileReference; lastKnownFileType = sourcecode.cpp.h; path = fit_video_title_mesg.hpp; sourceTree = "<group>"; };
		4286E2292594D9090010DFF8 /* fit_three_d_sensor_calibration_mesg_listener.hpp */ = {isa = PBXFileReference; lastKnownFileType = sourcecode.cpp.h; path = fit_three_d_sensor_calibration_mesg_listener.hpp; sourceTree = "<group>"; };
		4286E22A2594D9090010DFF8 /* fit_buffered_record_mesg_broadcaster.cpp */ = {isa = PBXFileReference; lastKnownFileType = sourcecode.cpp.cpp; path = fit_buffered_record_mesg_broadcaster.cpp; sourceTree = "<group>"; };
		4286E22B2594D9090010DFF8 /* fit_buffered_record_mesg_listener.hpp */ = {isa = PBXFileReference; lastKnownFileType = sourcecode.cpp.h; path = fit_buffered_record_mesg_listener.hpp; sourceTree = "<group>"; };
		4286E22C2594D9090010DFF8 /* fit_activity_mesg_listener.hpp */ = {isa = PBXFileReference; lastKnownFileType = sourcecode.cpp.h; path = fit_activity_mesg_listener.hpp; sourceTree = "<group>"; };
		4286E22D2594D9090010DFF8 /* fit_runtime_exception.hpp */ = {isa = PBXFileReference; lastKnownFileType = sourcecode.cpp.h; path = fit_runtime_exception.hpp; sourceTree = "<group>"; };
		4286E22E2594D9090010DFF8 /* fit_record_mesg.hpp */ = {isa = PBXFileReference; lastKnownFileType = sourcecode.cpp.h; path = fit_record_mesg.hpp; sourceTree = "<group>"; };
		4286E22F2594D9090010DFF8 /* fit_aviation_attitude_mesg_listener.hpp */ = {isa = PBXFileReference; lastKnownFileType = sourcecode.cpp.h; path = fit_aviation_attitude_mesg_listener.hpp; sourceTree = "<group>"; };
		4286E2302594D9090010DFF8 /* fit_user_profile_mesg.hpp */ = {isa = PBXFileReference; lastKnownFileType = sourcecode.cpp.h; path = fit_user_profile_mesg.hpp; sourceTree = "<group>"; };
		4286E2312594D9090010DFF8 /* fit_monitoring_mesg.hpp */ = {isa = PBXFileReference; lastKnownFileType = sourcecode.cpp.h; path = fit_monitoring_mesg.hpp; sourceTree = "<group>"; };
		4286E2322594D9090010DFF8 /* fit_field.cpp */ = {isa = PBXFileReference; lastKnownFileType = sourcecode.cpp.cpp; path = fit_field.cpp; sourceTree = "<group>"; };
		4286E2332594D9090010DFF8 /* fit_session_mesg_listener.hpp */ = {isa = PBXFileReference; lastKnownFileType = sourcecode.cpp.h; path = fit_session_mesg_listener.hpp; sourceTree = "<group>"; };
		4286E2342594D9090010DFF8 /* fit_schedule_mesg_listener.hpp */ = {isa = PBXFileReference; lastKnownFileType = sourcecode.cpp.h; path = fit_schedule_mesg_listener.hpp; sourceTree = "<group>"; };
		4286E2352594D9090010DFF8 /* fit_hr_zone_mesg.hpp */ = {isa = PBXFileReference; lastKnownFileType = sourcecode.cpp.h; path = fit_hr_zone_mesg.hpp; sourceTree = "<group>"; };
		4286E2362594D9090010DFF8 /* fit_developer_field_definition.hpp */ = {isa = PBXFileReference; lastKnownFileType = sourcecode.cpp.h; path = fit_developer_field_definition.hpp; sourceTree = "<group>"; };
		4286E2372594D9090010DFF8 /* fit_profile.cpp */ = {isa = PBXFileReference; lastKnownFileType = sourcecode.cpp.cpp; path = fit_profile.cpp; sourceTree = "<group>"; };
		4286E2382594D9090010DFF8 /* fit_mesg_broadcaster.hpp */ = {isa = PBXFileReference; lastKnownFileType = sourcecode.cpp.h; path = fit_mesg_broadcaster.hpp; sourceTree = "<group>"; };
		4286E2392594D9090010DFF8 /* fit_mesg_capabilities_mesg.hpp */ = {isa = PBXFileReference; lastKnownFileType = sourcecode.cpp.h; path = fit_mesg_capabilities_mesg.hpp; sourceTree = "<group>"; };
		4286E23A2594D9090010DFF8 /* fit_device_info_mesg_listener.hpp */ = {isa = PBXFileReference; lastKnownFileType = sourcecode.cpp.h; path = fit_device_info_mesg_listener.hpp; sourceTree = "<group>"; };
		4286E23B2594D9090010DFF8 /* fit_field_base.hpp */ = {isa = PBXFileReference; lastKnownFileType = sourcecode.cpp.h; path = fit_field_base.hpp; sourceTree = "<group>"; };
		4286E23C2594D9090010DFF8 /* fit_mesg_with_event_broadcaster.hpp */ = {isa = PBXFileReference; lastKnownFileType = sourcecode.cpp.h; path = fit_mesg_with_event_broadcaster.hpp; sourceTree = "<group>"; };
		4286E23D2594D9090010DFF8 /* fit_length_mesg.hpp */ = {isa = PBXFileReference; lastKnownFileType = sourcecode.cpp.h; path = fit_length_mesg.hpp; sourceTree = "<group>"; };
		4286E23E2594D9090010DFF8 /* fit_workout_step_mesg.hpp */ = {isa = PBXFileReference; lastKnownFileType = sourcecode.cpp.h; path = fit_workout_step_mesg.hpp; sourceTree = "<group>"; };
		4286E23F2594D9090010DFF8 /* fit_course_point_mesg.hpp */ = {isa = PBXFileReference; lastKnownFileType = sourcecode.cpp.h; path = fit_course_point_mesg.hpp; sourceTree = "<group>"; };
		4286E2402594D9090010DFF8 /* fit_climb_pro_mesg.hpp */ = {isa = PBXFileReference; lastKnownFileType = sourcecode.cpp.h; path = fit_climb_pro_mesg.hpp; sourceTree = "<group>"; };
		4286E2412594D9090010DFF8 /* fit_workout_mesg.hpp */ = {isa = PBXFileReference; lastKnownFileType = sourcecode.cpp.h; path = fit_workout_mesg.hpp; sourceTree = "<group>"; };
		4286E2422594D9090010DFF8 /* fit_activity_mesg.hpp */ = {isa = PBXFileReference; lastKnownFileType = sourcecode.cpp.h; path = fit_activity_mesg.hpp; sourceTree = "<group>"; };
		4286E2432594D9090010DFF8 /* fit_video_frame_mesg.hpp */ = {isa = PBXFileReference; lastKnownFileType = sourcecode.cpp.h; path = fit_video_frame_mesg.hpp; sourceTree = "<group>"; };
		4286E2442594D9090010DFF8 /* fit_bike_profile_mesg_listener.hpp */ = {isa = PBXFileReference; lastKnownFileType = sourcecode.cpp.h; path = fit_bike_profile_mesg_listener.hpp; sourceTree = "<group>"; };
		4286E2452594D9090010DFF8 /* fit_exd_data_field_configuration_mesg.hpp */ = {isa = PBXFileReference; lastKnownFileType = sourcecode.cpp.h; path = fit_exd_data_field_configuration_mesg.hpp; sourceTree = "<group>"; };
		4286E2462594D9090010DFF8 /* fit_video_mesg.hpp */ = {isa = PBXFileReference; lastKnownFileType = sourcecode.cpp.h; path = fit_video_mesg.hpp; sourceTree = "<group>"; };
		4286E2472594D9090010DFF8 /* fit_sport_mesg.hpp */ = {isa = PBXFileReference; lastKnownFileType = sourcecode.cpp.h; path = fit_sport_mesg.hpp; sourceTree = "<group>"; };
		4286E2482594D9090010DFF8 /* fit_sdm_profile_mesg_listener.hpp */ = {isa = PBXFileReference; lastKnownFileType = sourcecode.cpp.h; path = fit_sdm_profile_mesg_listener.hpp; sourceTree = "<group>"; };
		4286E2492594D9090010DFF8 /* fit_dive_settings_mesg.hpp */ = {isa = PBXFileReference; lastKnownFileType = sourcecode.cpp.h; path = fit_dive_settings_mesg.hpp; sourceTree = "<group>"; };
		4286E24A2594D9090010DFF8 /* fit_gyroscope_data_mesg_listener.hpp */ = {isa = PBXFileReference; lastKnownFileType = sourcecode.cpp.h; path = fit_gyroscope_data_mesg_listener.hpp; sourceTree = "<group>"; };
		4286E24B2594D9090010DFF8 /* fit_jump_mesg.hpp */ = {isa = PBXFileReference; lastKnownFileType = sourcecode.cpp.h; path = fit_jump_mesg.hpp; sourceTree = "<group>"; };
		4286E24C2594D9090010DFF8 /* fit_segment_leaderboard_entry_mesg_listener.hpp */ = {isa = PBXFileReference; lastKnownFileType = sourcecode.cpp.h; path = fit_segment_leaderboard_entry_mesg_listener.hpp; sourceTree = "<group>"; };
		4286E24D2594D9090010DFF8 /* fit_timestamp_correlation_mesg_listener.hpp */ = {isa = PBXFileReference; lastKnownFileType = sourcecode.cpp.h; path = fit_timestamp_correlation_mesg_listener.hpp; sourceTree = "<group>"; };
		4286E24E2594D9090010DFF8 /* fit_mesg_definition.cpp */ = {isa = PBXFileReference; lastKnownFileType = sourcecode.cpp.cpp; path = fit_mesg_definition.cpp; sourceTree = "<group>"; };
		4286E24F2594D9090010DFF8 /* fit_segment_id_mesg_listener.hpp */ = {isa = PBXFileReference; lastKnownFileType = sourcecode.cpp.h; path = fit_segment_id_mesg_listener.hpp; sourceTree = "<group>"; };
		4286E2502594D9090010DFF8 /* fit_encode.cpp */ = {isa = PBXFileReference; lastKnownFileType = sourcecode.cpp.cpp; path = fit_encode.cpp; sourceTree = "<group>"; };
		4286E2512594D9090010DFF8 /* fit_camera_event_mesg.hpp */ = {isa = PBXFileReference; lastKnownFileType = sourcecode.cpp.h; path = fit_camera_event_mesg.hpp; sourceTree = "<group>"; };
		4286E2522594D9090010DFF8 /* fit_totals_mesg.hpp */ = {isa = PBXFileReference; lastKnownFileType = sourcecode.cpp.h; path = fit_totals_mesg.hpp; sourceTree = "<group>"; };
		4286E2532594D9090010DFF8 /* fit_file_capabilities_mesg_listener.hpp */ = {isa = PBXFileReference; lastKnownFileType = sourcecode.cpp.h; path = fit_file_capabilities_mesg_listener.hpp; sourceTree = "<group>"; };
		4286E2542594D9090010DFF8 /* fit_magnetometer_data_mesg.hpp */ = {isa = PBXFileReference; lastKnownFileType = sourcecode.cpp.h; path = fit_magnetometer_data_mesg.hpp; sourceTree = "<group>"; };
		4286E2552594D9090010DFF8 /* fit_mesg_with_event.hpp */ = {isa = PBXFileReference; lastKnownFileType = sourcecode.cpp.h; path = fit_mesg_with_event.hpp; sourceTree = "<group>"; };
		4286E2562594D9090010DFF8 /* fit_monitoring_mesg_listener.hpp */ = {isa = PBXFileReference; lastKnownFileType = sourcecode.cpp.h; path = fit_monitoring_mesg_listener.hpp; sourceTree = "<group>"; };
		4286E2572594D9090010DFF8 /* fit_jump_mesg_listener.hpp */ = {isa = PBXFileReference; lastKnownFileType = sourcecode.cpp.h; path = fit_jump_mesg_listener.hpp; sourceTree = "<group>"; };
		4286E2582594D9090010DFF8 /* fit_nmea_sentence_mesg.hpp */ = {isa = PBXFileReference; lastKnownFileType = sourcecode.cpp.h; path = fit_nmea_sentence_mesg.hpp; sourceTree = "<group>"; };
		4286E2592594D9090010DFF8 /* fit_date_time.cpp */ = {isa = PBXFileReference; lastKnownFileType = sourcecode.cpp.cpp; path = fit_date_time.cpp; sourceTree = "<group>"; };
		4286E25A2594D9090010DFF8 /* fit_crc.hpp */ = {isa = PBXFileReference; lastKnownFileType = sourcecode.cpp.h; path = fit_crc.hpp; sourceTree = "<group>"; };
		4286E25B2594D9090010DFF8 /* fit_video_description_mesg_listener.hpp */ = {isa = PBXFileReference; lastKnownFileType = sourcecode.cpp.h; path = fit_video_description_mesg_listener.hpp; sourceTree = "<group>"; };
		4286E25C2594D9090010DFF8 /* fit_event_mesg.hpp */ = {isa = PBXFileReference; lastKnownFileType = sourcecode.cpp.h; path = fit_event_mesg.hpp; sourceTree = "<group>"; };
		4286E25D2594D9090010DFF8 /* fit.hpp */ = {isa = PBXFileReference; lastKnownFileType = sourcecode.cpp.h; path = fit.hpp; sourceTree = "<group>"; };
		4286E25E2594D9090010DFF8 /* fit_ant_tx_mesg_listener.hpp */ = {isa = PBXFileReference; lastKnownFileType = sourcecode.cpp.h; path = fit_ant_tx_mesg_listener.hpp; sourceTree = "<group>"; };
		4286E25F2594D9090010DFF8 /* fit_developer_field_description.cpp */ = {isa = PBXFileReference; lastKnownFileType = sourcecode.cpp.cpp; path = fit_developer_field_description.cpp; sourceTree = "<group>"; };
		4286E2602594D9090010DFF8 /* fit_exercise_title_mesg.hpp */ = {isa = PBXFileReference; lastKnownFileType = sourcecode.cpp.h; path = fit_exercise_title_mesg.hpp; sourceTree = "<group>"; };
		4286E2612594D9090010DFF8 /* fit_workout_session_mesg_listener.hpp */ = {isa = PBXFileReference; lastKnownFileType = sourcecode.cpp.h; path = fit_workout_session_mesg_listener.hpp; sourceTree = "<group>"; };
		4286E2622594D9090010DFF8 /* fit_barometer_data_mesg_listener.hpp */ = {isa = PBXFileReference; lastKnownFileType = sourcecode.cpp.h; path = fit_barometer_data_mesg_listener.hpp; sourceTree = "<group>"; };
		4286E2632594D9090010DFF8 /* fit_field_definition.cpp */ = {isa = PBXFileReference; lastKnownFileType = sourcecode.cpp.cpp; path = fit_field_definition.cpp; sourceTree = "<group>"; };
		4286E2642594D9090010DFF8 /* fit_lap_mesg_listener.hpp */ = {isa = PBXFileReference; lastKnownFileType = sourcecode.cpp.h; path = fit_lap_mesg_listener.hpp; sourceTree = "<group>"; };
		4286E2652594D9090010DFF8 /* fit_climb_pro_mesg_listener.hpp */ = {isa = PBXFileReference; lastKnownFileType = sourcecode.cpp.h; path = fit_climb_pro_mesg_listener.hpp; sourceTree = "<group>"; };
		4286E2662594D9090010DFF8 /* fit_one_d_sensor_calibration_mesg.hpp */ = {isa = PBXFileReference; lastKnownFileType = sourcecode.cpp.h; path = fit_one_d_sensor_calibration_mesg.hpp; sourceTree = "<group>"; };
		4286E2672594D9090010DFF8 /* fit_dive_alarm_mesg.hpp */ = {isa = PBXFileReference; lastKnownFileType = sourcecode.cpp.h; path = fit_dive_alarm_mesg.hpp; sourceTree = "<group>"; };
		4286E2682594D9090010DFF8 /* fit_file_capabilities_mesg.hpp */ = {isa = PBXFileReference; lastKnownFileType = sourcecode.cpp.h; path = fit_file_capabilities_mesg.hpp; sourceTree = "<group>"; };
		4286E2692594D9090010DFF8 /* fit_nmea_sentence_mesg_listener.hpp */ = {isa = PBXFileReference; lastKnownFileType = sourcecode.cpp.h; path = fit_nmea_sentence_mesg_listener.hpp; sourceTree = "<group>"; };
		4286E26A2594D9090010DFF8 /* fit_ant_channel_id_mesg_listener.hpp */ = {isa = PBXFileReference; lastKnownFileType = sourcecode.cpp.h; path = fit_ant_channel_id_mesg_listener.hpp; sourceTree = "<group>"; };
		4286E26B2594D9090010DFF8 /* fit_buffer_encode.cpp */ = {isa = PBXFileReference; lastKnownFileType = sourcecode.cpp.cpp; path = fit_buffer_encode.cpp; sourceTree = "<group>"; };
		4286E26C2594D9090010DFF8 /* fit_field.hpp */ = {isa = PBXFileReference; lastKnownFileType = sourcecode.cpp.h; path = fit_field.hpp; sourceTree = "<group>"; };
		4286E26D2594D9090010DFF8 /* fit_mesg_with_event_listener.hpp */ = {isa = PBXFileReference; lastKnownFileType = sourcecode.cpp.h; path = fit_mesg_with_event_listener.hpp; sourceTree = "<group>"; };
		4286E26E2594D9090010DFF8 /* fit_goal_mesg.hpp */ = {isa = PBXFileReference; lastKnownFileType = sourcecode.cpp.h; path = fit_goal_mesg.hpp; sourceTree = "<group>"; };
		4286E26F2594D9090010DFF8 /* fit_workout_session_mesg.hpp */ = {isa = PBXFileReference; lastKnownFileType = sourcecode.cpp.h; path = fit_workout_session_mesg.hpp; sourceTree = "<group>"; };
		4286E2702594D9090010DFF8 /* fit_zones_target_mesg.hpp */ = {isa = PBXFileReference; lastKnownFileType = sourcecode.cpp.h; path = fit_zones_target_mesg.hpp; sourceTree = "<group>"; };
		4286E2712594D9090010DFF8 /* fit_field_description_mesg_listener.hpp */ = {isa = PBXFileReference; lastKnownFileType = sourcecode.cpp.h; path = fit_field_description_mesg_listener.hpp; sourceTree = "<group>"; };
		4286E2722594D9090010DFF8 /* fit_profile.hpp */ = {isa = PBXFileReference; lastKnownFileType = sourcecode.cpp.h; path = fit_profile.hpp; sourceTree = "<group>"; };
		4286E2732594D9090010DFF8 /* fit_dive_summary_mesg.hpp */ = {isa = PBXFileReference; lastKnownFileType = sourcecode.cpp.h; path = fit_dive_summary_mesg.hpp; sourceTree = "<group>"; };
		4286E2742594D9090010DFF8 /* fit_developer_field_definition.cpp */ = {isa = PBXFileReference; lastKnownFileType = sourcecode.cpp.cpp; path = fit_developer_field_definition.cpp; sourceTree = "<group>"; };
		4286E2752594D9090010DFF8 /* fit_set_mesg_listener.hpp */ = {isa = PBXFileReference; lastKnownFileType = sourcecode.cpp.h; path = fit_set_mesg_listener.hpp; sourceTree = "<group>"; };
		4286E2762594D9090010DFF8 /* fit_dive_settings_mesg_listener.hpp */ = {isa = PBXFileReference; lastKnownFileType = sourcecode.cpp.h; path = fit_dive_settings_mesg_listener.hpp; sourceTree = "<group>"; };
		4286E2772594D9090010DFF8 /* fit_hrv_mesg_listener.hpp */ = {isa = PBXFileReference; lastKnownFileType = sourcecode.cpp.h; path = fit_hrv_mesg_listener.hpp; sourceTree = "<group>"; };
		4286E2782594D9090010DFF8 /* fit_met_zone_mesg_listener.hpp */ = {isa = PBXFileReference; lastKnownFileType = sourcecode.cpp.h; path = fit_met_zone_mesg_listener.hpp; sourceTree = "<group>"; };
		4286E2792594D9090010DFF8 /* fit_capabilities_mesg.hpp */ = {isa = PBXFileReference; lastKnownFileType = sourcecode.cpp.h; path = fit_capabilities_mesg.hpp; sourceTree = "<group>"; };
		4286E27A2594D9090010DFF8 /* fit_aviation_attitude_mesg.hpp */ = {isa = PBXFileReference; lastKnownFileType = sourcecode.cpp.h; path = fit_aviation_attitude_mesg.hpp; sourceTree = "<group>"; };
		4286E27B2594D9090010DFF8 /* fit_mesg_broadcaster.cpp */ = {isa = PBXFileReference; lastKnownFileType = sourcecode.cpp.cpp; path = fit_mesg_broadcaster.cpp; sourceTree = "<group>"; };
		4286E27C2594D9090010DFF8 /* fit_capabilities_mesg_listener.hpp */ = {isa = PBXFileReference; lastKnownFileType = sourcecode.cpp.h; path = fit_capabilities_mesg_listener.hpp; sourceTree = "<group>"; };
		4286E27D2594D9090010DFF8 /* fit_file_id_mesg_listener.hpp */ = {isa = PBXFileReference; lastKnownFileType = sourcecode.cpp.h; path = fit_file_id_mesg_listener.hpp; sourceTree = "<group>"; };
		4286E27E2594D9090010DFF8 /* fit_mesg_with_event_broadcaster.cpp */ = {isa = PBXFileReference; lastKnownFileType = sourcecode.cpp.cpp; path = fit_mesg_with_event_broadcaster.cpp; sourceTree = "<group>"; };
		4286E27F2594D9090010DFF8 /* fit_field_base.cpp */ = {isa = PBXFileReference; lastKnownFileType = sourcecode.cpp.cpp; path = fit_field_base.cpp; sourceTree = "<group>"; };
		4286E2802594D9090010DFF8 /* fit_exd_data_concept_configuration_mesg_listener.hpp */ = {isa = PBXFileReference; lastKnownFileType = sourcecode.cpp.h; path = fit_exd_data_concept_configuration_mesg_listener.hpp; sourceTree = "<group>"; };
		4286E2812594D9090010DFF8 /* fit_speed_zone_mesg.hpp */ = {isa = PBXFileReference; lastKnownFileType = sourcecode.cpp.h; path = fit_speed_zone_mesg.hpp; sourceTree = "<group>"; };
		4286E2822594D9090010DFF8 /* fit_watchface_settings_mesg.hpp */ = {isa = PBXFileReference; lastKnownFileType = sourcecode.cpp.h; path = fit_watchface_settings_mesg.hpp; sourceTree = "<group>"; };
		4286E2832594D9090010DFF8 /* fit_pad_mesg_listener.hpp */ = {isa = PBXFileReference; lastKnownFileType = sourcecode.cpp.h; path = fit_pad_mesg_listener.hpp; sourceTree = "<group>"; };
		4286E2842594D9090010DFF8 /* fit_obdii_data_mesg_listener.hpp */ = {isa = PBXFileReference; lastKnownFileType = sourcecode.cpp.h; path = fit_obdii_data_mesg_listener.hpp; sourceTree = "<group>"; };
		4286E2852594D9090010DFF8 /* fit_device_settings_mesg.hpp */ = {isa = PBXFileReference; lastKnownFileType = sourcecode.cpp.h; path = fit_device_settings_mesg.hpp; sourceTree = "<group>"; };
		4286E2862594D9090010DFF8 /* fit_totals_mesg_listener.hpp */ = {isa = PBXFileReference; lastKnownFileType = sourcecode.cpp.h; path = fit_totals_mesg_listener.hpp; sourceTree = "<group>"; };
		4286E2872594D9090010DFF8 /* fit_connectivity_mesg_listener.hpp */ = {isa = PBXFileReference; lastKnownFileType = sourcecode.cpp.h; path = fit_connectivity_mesg_listener.hpp; sourceTree = "<group>"; };
		4286E2882594D9090010DFF8 /* fit_mesg_definition.hpp */ = {isa = PBXFileReference; lastKnownFileType = sourcecode.cpp.h; path = fit_mesg_definition.hpp; sourceTree = "<group>"; };
		4286E2892594D9090010DFF8 /* fit_video_title_mesg_listener.hpp */ = {isa = PBXFileReference; lastKnownFileType = sourcecode.cpp.h; path = fit_video_title_mesg_listener.hpp; sourceTree = "<group>"; };
		4286E28A2594D9090010DFF8 /* fit_segment_lap_mesg.hpp */ = {isa = PBXFileReference; lastKnownFileType = sourcecode.cpp.h; path = fit_segment_lap_mesg.hpp; sourceTree = "<group>"; };
		4286E28B2594D9090010DFF8 /* fit_training_file_mesg_listener.hpp */ = {isa = PBXFileReference; lastKnownFileType = sourcecode.cpp.h; path = fit_training_file_mesg_listener.hpp; sourceTree = "<group>"; };
		4286E28C2594D9090010DFF8 /* fit_file_creator_mesg.hpp */ = {isa = PBXFileReference; lastKnownFileType = sourcecode.cpp.h; path = fit_file_creator_mesg.hpp; sourceTree = "<group>"; };
		4286E28D2594D9090010DFF8 /* fit_blood_pressure_mesg.hpp */ = {isa = PBXFileReference; lastKnownFileType = sourcecode.cpp.h; path = fit_blood_pressure_mesg.hpp; sourceTree = "<group>"; };
		4286E28E2594D9090010DFF8 /* fit_mesg_listener.hpp */ = {isa = PBXFileReference; lastKnownFileType = sourcecode.cpp.h; path = fit_mesg_listener.hpp; sourceTree = "<group>"; };
		4286E28F2594D9090010DFF8 /* fit_encode.hpp */ = {isa = PBXFileReference; lastKnownFileType = sourcecode.cpp.h; path = fit_encode.hpp; sourceTree = "<group>"; };
		4286E2902594D9090010DFF8 /* fit_device_info_mesg.hpp */ = {isa = PBXFileReference; lastKnownFileType = sourcecode.cpp.h; path = fit_device_info_mesg.hpp; sourceTree = "<group>"; };
		4286E2912594D9090010DFF8 /* fit_one_d_sensor_calibration_mesg_listener.hpp */ = {isa = PBXFileReference; lastKnownFileType = sourcecode.cpp.h; path = fit_one_d_sensor_calibration_mesg_listener.hpp; sourceTree = "<group>"; };
		4286E2922594D9090010DFF8 /* fit_mesg_definition_listener.hpp */ = {isa = PBXFileReference; lastKnownFileType = sourcecode.cpp.h; path = fit_mesg_definition_listener.hpp; sourceTree = "<group>"; };
		4286E2932594D9090010DFF8 /* fit_weather_conditions_mesg_listener.hpp */ = {isa = PBXFileReference; lastKnownFileType = sourcecode.cpp.h; path = fit_weather_conditions_mesg_listener.hpp; sourceTree = "<group>"; };
		4286E2942594D9090010DFF8 /* fit.cpp */ = {isa = PBXFileReference; lastKnownFileType = sourcecode.cpp.cpp; path = fit.cpp; sourceTree = "<group>"; };
		4286E2952594D9090010DFF8 /* fit_date_time.hpp */ = {isa = PBXFileReference; lastKnownFileType = sourcecode.cpp.h; path = fit_date_time.hpp; sourceTree = "<group>"; };
		4286E2962594D9090010DFF8 /* fit_crc.cpp */ = {isa = PBXFileReference; lastKnownFileType = sourcecode.cpp.cpp; path = fit_crc.cpp; sourceTree = "<group>"; };
		4286E2972594D9090010DFF8 /* fit_field_definition.hpp */ = {isa = PBXFileReference; lastKnownFileType = sourcecode.cpp.h; path = fit_field_definition.hpp; sourceTree = "<group>"; };
		4286E2982594D9090010DFF8 /* fit_field_capabilities_mesg_listener.hpp */ = {isa = PBXFileReference; lastKnownFileType = sourcecode.cpp.h; path = fit_field_capabilities_mesg_listener.hpp; sourceTree = "<group>"; };
		4286E2992594D9090010DFF8 /* fit_developer_field_description.hpp */ = {isa = PBXFileReference; lastKnownFileType = sourcecode.cpp.h; path = fit_developer_field_description.hpp; sourceTree = "<group>"; };
		4286E29A2594D9090010DFF8 /* fit_course_point_mesg_listener.hpp */ = {isa = PBXFileReference; lastKnownFileType = sourcecode.cpp.h; path = fit_course_point_mesg_listener.hpp; sourceTree = "<group>"; };
		4286E29B2594D9090010DFF8 /* fit_hr_mesg_listener.hpp */ = {isa = PBXFileReference; lastKnownFileType = sourcecode.cpp.h; path = fit_hr_mesg_listener.hpp; sourceTree = "<group>"; };
		4286E29C2594D9090010DFF8 /* fit_slave_device_mesg.hpp */ = {isa = PBXFileReference; lastKnownFileType = sourcecode.cpp.h; path = fit_slave_device_mesg.hpp; sourceTree = "<group>"; };
		4286E29D2594D9090010DFF8 /* fit_dive_alarm_mesg_listener.hpp */ = {isa = PBXFileReference; lastKnownFileType = sourcecode.cpp.h; path = fit_dive_alarm_mesg_listener.hpp; sourceTree = "<group>"; };
		4286E29E2594D9090010DFF8 /* fit_hr_zone_mesg_listener.hpp */ = {isa = PBXFileReference; lastKnownFileType = sourcecode.cpp.h; path = fit_hr_zone_mesg_listener.hpp; sourceTree = "<group>"; };
		4286E29F2594D9090010DFF8 /* fit_weight_scale_mesg.hpp */ = {isa = PBXFileReference; lastKnownFileType = sourcecode.cpp.h; path = fit_weight_scale_mesg.hpp; sourceTree = "<group>"; };
		4286E2A02594D9090010DFF8 /* fit_pad_mesg.hpp */ = {isa = PBXFileReference; lastKnownFileType = sourcecode.cpp.h; path = fit_pad_mesg.hpp; sourceTree = "<group>"; };
		4286E2A12594D9090010DFF8 /* fit_buffer_encode.hpp */ = {isa = PBXFileReference; lastKnownFileType = sourcecode.cpp.h; path = fit_buffer_encode.hpp; sourceTree = "<group>"; };
		4286E2A22594D9090010DFF8 /* fit_video_description_mesg.hpp */ = {isa = PBXFileReference; lastKnownFileType = sourcecode.cpp.h; path = fit_video_description_mesg.hpp; sourceTree = "<group>"; };
		4286E2A32594D9090010DFF8 /* fit_developer_data_id_mesg_listener.hpp */ = {isa = PBXFileReference; lastKnownFileType = sourcecode.cpp.h; path = fit_developer_data_id_mesg_listener.hpp; sourceTree = "<group>"; };
		4286E2A42594D9090010DFF8 /* fit_timestamp_correlation_mesg.hpp */ = {isa = PBXFileReference; lastKnownFileType = sourcecode.cpp.h; path = fit_timestamp_correlation_mesg.hpp; sourceTree = "<group>"; };
		4286E2A52594D9090010DFF8 /* fit_weather_alert_mesg.hpp */ = {isa = PBXFileReference; lastKnownFileType = sourcecode.cpp.h; path = fit_weather_alert_mesg.hpp; sourceTree = "<group>"; };
		4286E2A62594D9090010DFF8 /* fit_exd_data_concept_configuration_mesg.hpp */ = {isa = PBXFileReference; lastKnownFileType = sourcecode.cpp.h; path = fit_exd_data_concept_configuration_mesg.hpp; sourceTree = "<group>"; };
		4286E2A72594D9090010DFF8 /* fit_buffered_mesg_broadcaster.hpp */ = {isa = PBXFileReference; lastKnownFileType = sourcecode.cpp.h; path = fit_buffered_mesg_broadcaster.hpp; sourceTree = "<group>"; };
		4286E2A82594D9090010DFF8 /* fit_sport_mesg_listener.hpp */ = {isa = PBXFileReference; lastKnownFileType = sourcecode.cpp.h; path = fit_sport_mesg_listener.hpp; sourceTree = "<group>"; };
		4286E2A92594D9090010DFF8 /* fit_stress_level_mesg.hpp */ = {isa = PBXFileReference; lastKnownFileType = sourcecode.cpp.h; path = fit_stress_level_mesg.hpp; sourceTree = "<group>"; };
		4286E2AA2594D9090010DFF8 /* fit_dive_summary_mesg_listener.hpp */ = {isa = PBXFileReference; lastKnownFileType = sourcecode.cpp.h; path = fit_dive_summary_mesg_listener.hpp; sourceTree = "<group>"; };
		4286E2AB2594D9090010DFF8 /* fit_video_mesg_listener.hpp */ = {isa = PBXFileReference; lastKnownFileType = sourcecode.cpp.h; path = fit_video_mesg_listener.hpp; sourceTree = "<group>"; };
		4286E2AC2594D90A0010DFF8 /* fit_developer_field.hpp */ = {isa = PBXFileReference; lastKnownFileType = sourcecode.cpp.h; path = fit_developer_field.hpp; sourceTree = "<group>"; };
		4286E2AD2594D90A0010DFF8 /* fit_weight_scale_mesg_listener.hpp */ = {isa = PBXFileReference; lastKnownFileType = sourcecode.cpp.h; path = fit_weight_scale_mesg_listener.hpp; sourceTree = "<group>"; };
		4286E2AE2594D90A0010DFF8 /* fit_course_mesg_listener.hpp */ = {isa = PBXFileReference; lastKnownFileType = sourcecode.cpp.h; path = fit_course_mesg_listener.hpp; sourceTree = "<group>"; };
		4286E2AF2594D90A0010DFF8 /* fit_config.hpp */ = {isa = PBXFileReference; lastKnownFileType = sourcecode.cpp.h; path = fit_config.hpp; sourceTree = "<group>"; };
		4286E2B02594D90A0010DFF8 /* fit_gyroscope_data_mesg.hpp */ = {isa = PBXFileReference; lastKnownFileType = sourcecode.cpp.h; path = fit_gyroscope_data_mesg.hpp; sourceTree = "<group>"; };
		4286E2B12594D90A0010DFF8 /* fit_lap_mesg.hpp */ = {isa = PBXFileReference; lastKnownFileType = sourcecode.cpp.h; path = fit_lap_mesg.hpp; sourceTree = "<group>"; };
		4286E2B22594D90A0010DFF8 /* fit_blood_pressure_mesg_listener.hpp */ = {isa = PBXFileReference; lastKnownFileType = sourcecode.cpp.h; path = fit_blood_pressure_mesg_listener.hpp; sourceTree = "<group>"; };
		4286E2B32594D90A0010DFF8 /* fit_ohr_settings_mesg.hpp */ = {isa = PBXFileReference; lastKnownFileType = sourcecode.cpp.h; path = fit_ohr_settings_mesg.hpp; sourceTree = "<group>"; };
		4286E2B42594D90A0010DFF8 /* fit_segment_id_mesg.hpp */ = {isa = PBXFileReference; lastKnownFileType = sourcecode.cpp.h; path = fit_segment_id_mesg.hpp; sourceTree = "<group>"; };
		4286E2B52594D90A0010DFF8 /* fit_unicode.cpp */ = {isa = PBXFileReference; lastKnownFileType = sourcecode.cpp.cpp; path = fit_unicode.cpp; sourceTree = "<group>"; };
		4286E2B62594D90A0010DFF8 /* fit_decode.hpp */ = {isa = PBXFileReference; lastKnownFileType = sourcecode.cpp.h; path = fit_decode.hpp; sourceTree = "<group>"; };
		4286E2B72594D90A0010DFF8 /* fit_accumulated_field.cpp */ = {isa = PBXFileReference; lastKnownFileType = sourcecode.cpp.cpp; path = fit_accumulated_field.cpp; sourceTree = "<group>"; };
		4286E2B82594D90A0010DFF8 /* fit_protocol_validator.hpp */ = {isa = PBXFileReference; lastKnownFileType = sourcecode.cpp.h; path = fit_protocol_validator.hpp; sourceTree = "<group>"; };
		4286E2B92594D90A0010DFF8 /* fit_memo_glob_mesg_listener.hpp */ = {isa = PBXFileReference; lastKnownFileType = sourcecode.cpp.h; path = fit_memo_glob_mesg_listener.hpp; sourceTree = "<group>"; };
		4286E2BA2594D90A0010DFF8 /* fit_segment_file_mesg_listener.hpp */ = {isa = PBXFileReference; lastKnownFileType = sourcecode.cpp.h; path = fit_segment_file_mesg_listener.hpp; sourceTree = "<group>"; };
		4286E2BB2594D90A0010DFF8 /* fit_segment_lap_mesg_listener.hpp */ = {isa = PBXFileReference; lastKnownFileType = sourcecode.cpp.h; path = fit_segment_lap_mesg_listener.hpp; sourceTree = "<group>"; };
		4286E2BC2594D90A0010DFF8 /* fit_developer_field_description_listener.hpp */ = {isa = PBXFileReference; lastKnownFileType = sourcecode.cpp.h; path = fit_developer_field_description_listener.hpp; sourceTree = "<group>"; };
		4286E2BD2594D90A0010DFF8 /* fit_exd_screen_configuration_mesg_listener.hpp */ = {isa = PBXFileReference; lastKnownFileType = sourcecode.cpp.h; path = fit_exd_screen_configuration_mesg_listener.hpp; sourceTree = "<group>"; };
		4286E2BE2594D90A0010DFF8 /* fit_exercise_title_mesg_listener.hpp */ = {isa = PBXFileReference; lastKnownFileType = sourcecode.cpp.h; path = fit_exercise_title_mesg_listener.hpp; sourceTree = "<group>"; };
		4286E2BF2594D90A0010DFF8 /* fit_training_file_mesg.hpp */ = {isa = PBXFileReference; lastKnownFileType = sourcecode.cpp.h; path = fit_training_file_mesg.hpp; sourceTree = "<group>"; };
		4286E2C02594D90A0010DFF8 /* fit_user_profile_mesg_listener.hpp */ = {isa = PBXFileReference; lastKnownFileType = sourcecode.cpp.h; path = fit_user_profile_mesg_listener.hpp; sourceTree = "<group>"; };
		4286E2C12594D90A0010DFF8 /* fit_software_mesg.hpp */ = {isa = PBXFileReference; lastKnownFileType = sourcecode.cpp.h; path = fit_software_mesg.hpp; sourceTree = "<group>"; };
		4286E2C22594D90A0010DFF8 /* fit_length_mesg_listener.hpp */ = {isa = PBXFileReference; lastKnownFileType = sourcecode.cpp.h; path = fit_length_mesg_listener.hpp; sourceTree = "<group>"; };
		4286E2C32594D90A0010DFF8 /* fit_accumulator.hpp */ = {isa = PBXFileReference; lastKnownFileType = sourcecode.cpp.h; path = fit_accumulator.hpp; sourceTree = "<group>"; };
		4286E2C42594D90A0010DFF8 /* fit_accelerometer_data_mesg_listener.hpp */ = {isa = PBXFileReference; lastKnownFileType = sourcecode.cpp.h; path = fit_accelerometer_data_mesg_listener.hpp; sourceTree = "<group>"; };
		4286E2C52594D90A0010DFF8 /* fit_dive_gas_mesg_listener.hpp */ = {isa = PBXFileReference; lastKnownFileType = sourcecode.cpp.h; path = fit_dive_gas_mesg_listener.hpp; sourceTree = "<group>"; };
		4286E2C62594D90A0010DFF8 /* fit_segment_file_mesg.hpp */ = {isa = PBXFileReference; lastKnownFileType = sourcecode.cpp.h; path = fit_segment_file_mesg.hpp; sourceTree = "<group>"; };
		4286E2C72594D90A0010DFF8 /* fit_course_mesg.hpp */ = {isa = PBXFileReference; lastKnownFileType = sourcecode.cpp.h; path = fit_course_mesg.hpp; sourceTree = "<group>"; };
		4286E2C82594D90A0010DFF8 /* fit_event_mesg_listener.hpp */ = {isa = PBXFileReference; lastKnownFileType = sourcecode.cpp.h; path = fit_event_mesg_listener.hpp; sourceTree = "<group>"; };
		4286E2C92594D90A0010DFF8 /* fit_exd_screen_configuration_mesg.hpp */ = {isa = PBXFileReference; lastKnownFileType = sourcecode.cpp.h; path = fit_exd_screen_configuration_mesg.hpp; sourceTree = "<group>"; };
		4286E2CA2594D90A0010DFF8 /* fit_mesg.hpp */ = {isa = PBXFileReference; lastKnownFileType = sourcecode.cpp.h; path = fit_mesg.hpp; sourceTree = "<group>"; };
		4286E2CB2594D90A0010DFF8 /* fit_video_frame_mesg_listener.hpp */ = {isa = PBXFileReference; lastKnownFileType = sourcecode.cpp.h; path = fit_video_frame_mesg_listener.hpp; sourceTree = "<group>"; };
		4286E2CC2594D90A0010DFF8 /* fit_connectivity_mesg.hpp */ = {isa = PBXFileReference; lastKnownFileType = sourcecode.cpp.h; path = fit_connectivity_mesg.hpp; sourceTree = "<group>"; };
		4286E2CD2594D90A0010DFF8 /* fit_magnetometer_data_mesg_listener.hpp */ = {isa = PBXFileReference; lastKnownFileType = sourcecode.cpp.h; path = fit_magnetometer_data_mesg_listener.hpp; sourceTree = "<group>"; };
		4286E2CE2594D90A0010DFF8 /* fit_ohr_settings_mesg_listener.hpp */ = {isa = PBXFileReference; lastKnownFileType = sourcecode.cpp.h; path = fit_ohr_settings_mesg_listener.hpp; sourceTree = "<group>"; };
		4286E2CF2594D90A0010DFF8 /* fit_gps_metadata_mesg_listener.hpp */ = {isa = PBXFileReference; lastKnownFileType = sourcecode.cpp.h; path = fit_gps_metadata_mesg_listener.hpp; sourceTree = "<group>"; };
		4286E2D02594D90A0010DFF8 /* fit_factory.cpp */ = {isa = PBXFileReference; lastKnownFileType = sourcecode.cpp.cpp; path = fit_factory.cpp; sourceTree = "<group>"; };
		4286E2D12594D90A0010DFF8 /* fit_power_zone_mesg.hpp */ = {isa = PBXFileReference; lastKnownFileType = sourcecode.cpp.h; path = fit_power_zone_mesg.hpp; sourceTree = "<group>"; };
		4286E2D22594D90A0010DFF8 /* fit_buffered_record_mesg_broadcaster.hpp */ = {isa = PBXFileReference; lastKnownFileType = sourcecode.cpp.h; path = fit_buffered_record_mesg_broadcaster.hpp; sourceTree = "<group>"; };
		4286E2D32594D90A0010DFF8 /* fit_stress_level_mesg_listener.hpp */ = {isa = PBXFileReference; lastKnownFileType = sourcecode.cpp.h; path = fit_stress_level_mesg_listener.hpp; sourceTree = "<group>"; };
		4286E2D42594D90A0010DFF8 /* fit_hrm_profile_mesg_listener.hpp */ = {isa = PBXFileReference; lastKnownFileType = sourcecode.cpp.h; path = fit_hrm_profile_mesg_listener.hpp; sourceTree = "<group>"; };
		4286E2D52594D90A0010DFF8 /* fit_hr_mesg.hpp */ = {isa = PBXFileReference; lastKnownFileType = sourcecode.cpp.h; path = fit_hr_mesg.hpp; sourceTree = "<group>"; };
		4286E2D62594D90A0010DFF8 /* fit_mesg_capabilities_mesg_listener.hpp */ = {isa = PBXFileReference; lastKnownFileType = sourcecode.cpp.h; path = fit_mesg_capabilities_mesg_listener.hpp; sourceTree = "<group>"; };
		4286E2D72594D90A0010DFF8 /* main.cpp */ = {isa = PBXFileReference; lastKnownFileType = sourcecode.cpp.cpp; path = main.cpp; sourceTree = "<group>"; };
		4286E2D92594D90A0010DFF8 /* main.swift */ = {isa = PBXFileReference; lastKnownFileType = sourcecode.swift; path = main.swift; sourceTree = "<group>"; };
		4286E2DB2594D90A0010DFF8 /* main.swift */ = {isa = PBXFileReference; lastKnownFileType = sourcecode.swift; path = main.swift; sourceTree = "<group>"; };
		42E88095257D6F2A0024546F /* fitparser */ = {isa = PBXFileReference; explicitFileType = "compiled.mach-o.executable"; includeInIndex = 0; path = fitparser; sourceTree = BUILT_PRODUCTS_DIR; };
		42E880A4257D6F5F0024546F /* fitprotocol */ = {isa = PBXFileReference; explicitFileType = "compiled.mach-o.executable"; includeInIndex = 0; path = fitprotocol; sourceTree = BUILT_PRODUCTS_DIR; };
		92AAA7652DCFE43D00602A8B /* fitsdkswift */ = {isa = PBXFileReference; explicitFileType = "compiled.mach-o.executable"; includeInIndex = 0; path = fitsdkswift; sourceTree = BUILT_PRODUCTS_DIR; };
/* End PBXFileReference section */

/* Begin PBXFileSystemSynchronizedBuildFileExceptionSet section */
		92AAA7722DCFF11500602A8B /* PBXFileSystemSynchronizedBuildFileExceptionSet */ = {
			isa = PBXFileSystemSynchronizedBuildFileExceptionSet;
			membershipExceptions = (
				main.swift,
			);
			target = 92AAA7642DCFE43D00602A8B /* fitsdkswift */;
		};
/* End PBXFileSystemSynchronizedBuildFileExceptionSet section */

/* Begin PBXFileSystemSynchronizedRootGroup section */
		92AAA7662DCFE43D00602A8B /* fitsdkswift */ = {isa = PBXFileSystemSynchronizedRootGroup; exceptions = (92AAA7722DCFF11500602A8B /* PBXFileSystemSynchronizedBuildFileExceptionSet */, ); explicitFileTypes = {}; explicitFolders = (); path = fitsdkswift; sourceTree = "<group>"; };
/* End PBXFileSystemSynchronizedRootGroup section */

/* Begin PBXFrameworksBuildPhase section */
		4253ABED2736A09C00EAA85E /* Frameworks */ = {
			isa = PBXFrameworksBuildPhase;
			buildActionMask = 2147483647;
			files = (
				4253ABFD2736B75500EAA85E /* ArgumentParser in Frameworks */,
				4253ABFB2736A12B00EAA85E /* FIT in Frameworks */,
			);
			runOnlyForDeploymentPostprocessing = 0;
		};
		4265FDF4257E3C0300D562DF /* Frameworks */ = {
			isa = PBXFrameworksBuildPhase;
			buildActionMask = 2147483647;
			files = (
			);
			runOnlyForDeploymentPostprocessing = 0;
		};
		42E88092257D6F2A0024546F /* Frameworks */ = {
			isa = PBXFrameworksBuildPhase;
			buildActionMask = 2147483647;
			files = (
				42E880B4257D6FF60024546F /* ArgumentParser in Frameworks */,
				42E880CD257D97750024546F /* FitFileParser in Frameworks */,
			);
			runOnlyForDeploymentPostprocessing = 0;
		};
		42E880A1257D6F5F0024546F /* Frameworks */ = {
			isa = PBXFrameworksBuildPhase;
			buildActionMask = 2147483647;
			files = (
				42E880BC257D711D0024546F /* FitDataProtocol in Frameworks */,
				42E880B9257D70D30024546F /* ArgumentParser in Frameworks */,
			);
			runOnlyForDeploymentPostprocessing = 0;
		};
		92AAA7622DCFE43D00602A8B /* Frameworks */ = {
			isa = PBXFrameworksBuildPhase;
			buildActionMask = 2147483647;
			files = (
				92AAA7702DCFEED700602A8B /* ArgumentParser in Frameworks */,
				92AAA76E2DCFE49700602A8B /* FITSwiftSDK in Frameworks */,
			);
			runOnlyForDeploymentPostprocessing = 0;
		};
/* End PBXFrameworksBuildPhase section */

/* Begin PBXGroup section */
		4253AA692736A07000EAA85E /* fitsdkobjc */ = {
			isa = PBXGroup;
			children = (
				4253ABF92736A11600EAA85E /* objcpp */,
				4253ABF22736A09C00EAA85E /* main.swift */,
			);
			path = fitsdkobjc;
			sourceTree = "<group>";
		};
		4253ABF72736A0F400EAA85E /* Packages */ = {
			isa = PBXGroup;
			children = (
				4253ABF82736A0F400EAA85E /* objcpp */,
			);
			name = Packages;
			sourceTree = "<group>";
		};
		4286E1EA2594D9090010DFF8 /* Sources */ = {
			isa = PBXGroup;
			children = (
				92AAA7662DCFE43D00602A8B /* fitsdkswift */,
				4253AA692736A07000EAA85E /* fitsdkobjc */,
				4286E1EB2594D9090010DFF8 /* fitsdkcpp */,
				4286E2D82594D90A0010DFF8 /* fitdataprotocol */,
				4286E2DA2594D90A0010DFF8 /* fitparser */,
			);
			path = Sources;
			sourceTree = "<group>";
		};
		4286E1EB2594D9090010DFF8 /* fitsdkcpp */ = {
			isa = PBXGroup;
			children = (
				4286E1EC2594D9090010DFF8 /* sdkcpp */,
				4286E2D72594D90A0010DFF8 /* main.cpp */,
			);
			path = fitsdkcpp;
			sourceTree = "<group>";
		};
		4286E1EC2594D9090010DFF8 /* sdkcpp */ = {
			isa = PBXGroup;
			children = (
				4286E1ED2594D9090010DFF8 /* fit_power_zone_mesg_listener.hpp */,
				4286E1EE2594D9090010DFF8 /* fit_segment_point_mesg_listener.hpp */,
				4286E1EF2594D9090010DFF8 /* fit_monitoring_info_mesg_listener.hpp */,
				4286E1F02594D9090010DFF8 /* fit_workout_step_mesg_listener.hpp */,
				4286E1F12594D9090010DFF8 /* fit_dive_gas_mesg.hpp */,
				4286E1F22594D9090010DFF8 /* fit_bike_profile_mesg.hpp */,
				4286E1F32594D9090010DFF8 /* fit_obdii_data_mesg.hpp */,
				4286E1F42594D9090010DFF8 /* fit_buffered_mesg_broadcaster.cpp */,
				4286E1F52594D9090010DFF8 /* fit_hrv_mesg.hpp */,
				4286E1F62594D9090010DFF8 /* fit_sdm_profile_mesg.hpp */,
				4286E1F72594D9090010DFF8 /* fit_session_mesg.hpp */,
				4286E1F82594D9090010DFF8 /* fit_ant_rx_mesg_listener.hpp */,
				4286E1F92594D9090010DFF8 /* fit_developer_field.cpp */,
				4286E1FA2594D9090010DFF8 /* fit_camera_event_mesg_listener.hpp */,
				4286E1FB2594D9090010DFF8 /* fit_set_mesg.hpp */,
				4286E1FC2594D9090010DFF8 /* fit_ant_tx_mesg.hpp */,
				4286E1FD2594D9090010DFF8 /* fit_mesg_broadcast_plugin.hpp */,
				4286E1FE2594D9090010DFF8 /* fit_weather_conditions_mesg.hpp */,
				4286E1FF2594D9090010DFF8 /* fit_segment_point_mesg.hpp */,
				4286E2002594D9090010DFF8 /* fit_developer_data_id_mesg.hpp */,
				4286E2012594D9090010DFF8 /* fit_software_mesg_listener.hpp */,
				4286E2022594D9090010DFF8 /* fit_watchface_settings_mesg_listener.hpp */,
				4286E2032594D9090010DFF8 /* fit_monitoring_info_mesg.hpp */,
				4286E2042594D9090010DFF8 /* fit_barometer_data_mesg.hpp */,
				4286E2052594D9090010DFF8 /* fit_protocol_validator.cpp */,
				4286E2062594D9090010DFF8 /* fit_field_capabilities_mesg.hpp */,
				4286E2072594D9090010DFF8 /* fit_accumulated_field.hpp */,
				4286E2082594D9090010DFF8 /* fit_decode.cpp */,
				4286E2092594D9090010DFF8 /* fit_cadence_zone_mesg_listener.hpp */,
				4286E20A2594D9090010DFF8 /* fit_unicode.hpp */,
				4286E20B2594D9090010DFF8 /* fit_slave_device_mesg_listener.hpp */,
				4286E20C2594D9090010DFF8 /* fit_ant_channel_id_mesg.hpp */,
				4286E20D2594D9090010DFF8 /* fit_file_id_mesg.hpp */,
				4286E20E2594D9090010DFF8 /* fit_record_mesg_listener.hpp */,
				4286E20F2594D9090010DFF8 /* fit_accumulator.cpp */,
				4286E2102594D9090010DFF8 /* fit_segment_leaderboard_entry_mesg.hpp */,
				4286E2112594D9090010DFF8 /* fit_video_clip_mesg_listener.hpp */,
				4286E2122594D9090010DFF8 /* fit_file_creator_mesg_listener.hpp */,
				4286E2132594D9090010DFF8 /* fit_exd_data_field_configuration_mesg_listener.hpp */,
				4286E2142594D9090010DFF8 /* fit_ant_rx_mesg.hpp */,
				4286E2152594D9090010DFF8 /* fit_field_description_mesg.hpp */,
				4286E2162594D9090010DFF8 /* fit_schedule_mesg.hpp */,
				4286E2172594D9090010DFF8 /* fit_zones_target_mesg_listener.hpp */,
				4286E2182594D9090010DFF8 /* fit_video_clip_mesg.hpp */,
				4286E2192594D9090010DFF8 /* fit_device_settings_mesg_listener.hpp */,
				4286E21A2594D9090010DFF8 /* fit_mesg.cpp */,
				4286E21B2594D9090010DFF8 /* fit_accelerometer_data_mesg.hpp */,
				4286E21C2594D9090010DFF8 /* fit_met_zone_mesg.hpp */,
				4286E21D2594D9090010DFF8 /* fit_hrm_profile_mesg.hpp */,
				4286E21E2594D9090010DFF8 /* fit_speed_zone_mesg_listener.hpp */,
				4286E21F2594D9090010DFF8 /* fit_weather_alert_mesg_listener.hpp */,
				4286E2202594D9090010DFF8 /* fit_goal_mesg_listener.hpp */,
				4286E2212594D9090010DFF8 /* fit_factory.hpp */,
				4286E2222594D9090010DFF8 /* fit_memo_glob_mesg.hpp */,
				4286E2232594D9090010DFF8 /* fit_cadence_zone_mesg.hpp */,
				4286E2242594D9090010DFF8 /* fit_buffered_record_mesg.hpp */,
				4286E2252594D9090010DFF8 /* fit_workout_mesg_listener.hpp */,
				4286E2262594D9090010DFF8 /* fit_gps_metadata_mesg.hpp */,
				4286E2272594D9090010DFF8 /* fit_three_d_sensor_calibration_mesg.hpp */,
				4286E2282594D9090010DFF8 /* fit_video_title_mesg.hpp */,
				4286E2292594D9090010DFF8 /* fit_three_d_sensor_calibration_mesg_listener.hpp */,
				4286E22A2594D9090010DFF8 /* fit_buffered_record_mesg_broadcaster.cpp */,
				4286E22B2594D9090010DFF8 /* fit_buffered_record_mesg_listener.hpp */,
				4286E22C2594D9090010DFF8 /* fit_activity_mesg_listener.hpp */,
				4286E22D2594D9090010DFF8 /* fit_runtime_exception.hpp */,
				4286E22E2594D9090010DFF8 /* fit_record_mesg.hpp */,
				4286E22F2594D9090010DFF8 /* fit_aviation_attitude_mesg_listener.hpp */,
				4286E2302594D9090010DFF8 /* fit_user_profile_mesg.hpp */,
				4286E2312594D9090010DFF8 /* fit_monitoring_mesg.hpp */,
				4286E2322594D9090010DFF8 /* fit_field.cpp */,
				4286E2332594D9090010DFF8 /* fit_session_mesg_listener.hpp */,
				4286E2342594D9090010DFF8 /* fit_schedule_mesg_listener.hpp */,
				4286E2352594D9090010DFF8 /* fit_hr_zone_mesg.hpp */,
				4286E2362594D9090010DFF8 /* fit_developer_field_definition.hpp */,
				4286E2372594D9090010DFF8 /* fit_profile.cpp */,
				4286E2382594D9090010DFF8 /* fit_mesg_broadcaster.hpp */,
				4286E2392594D9090010DFF8 /* fit_mesg_capabilities_mesg.hpp */,
				4286E23A2594D9090010DFF8 /* fit_device_info_mesg_listener.hpp */,
				4286E23B2594D9090010DFF8 /* fit_field_base.hpp */,
				4286E23C2594D9090010DFF8 /* fit_mesg_with_event_broadcaster.hpp */,
				4286E23D2594D9090010DFF8 /* fit_length_mesg.hpp */,
				4286E23E2594D9090010DFF8 /* fit_workout_step_mesg.hpp */,
				4286E23F2594D9090010DFF8 /* fit_course_point_mesg.hpp */,
				4286E2402594D9090010DFF8 /* fit_climb_pro_mesg.hpp */,
				4286E2412594D9090010DFF8 /* fit_workout_mesg.hpp */,
				4286E2422594D9090010DFF8 /* fit_activity_mesg.hpp */,
				4286E2432594D9090010DFF8 /* fit_video_frame_mesg.hpp */,
				4286E2442594D9090010DFF8 /* fit_bike_profile_mesg_listener.hpp */,
				4286E2452594D9090010DFF8 /* fit_exd_data_field_configuration_mesg.hpp */,
				4286E2462594D9090010DFF8 /* fit_video_mesg.hpp */,
				4286E2472594D9090010DFF8 /* fit_sport_mesg.hpp */,
				4286E2482594D9090010DFF8 /* fit_sdm_profile_mesg_listener.hpp */,
				4286E2492594D9090010DFF8 /* fit_dive_settings_mesg.hpp */,
				4286E24A2594D9090010DFF8 /* fit_gyroscope_data_mesg_listener.hpp */,
				4286E24B2594D9090010DFF8 /* fit_jump_mesg.hpp */,
				4286E24C2594D9090010DFF8 /* fit_segment_leaderboard_entry_mesg_listener.hpp */,
				4286E24D2594D9090010DFF8 /* fit_timestamp_correlation_mesg_listener.hpp */,
				4286E24E2594D9090010DFF8 /* fit_mesg_definition.cpp */,
				4286E24F2594D9090010DFF8 /* fit_segment_id_mesg_listener.hpp */,
				4286E2502594D9090010DFF8 /* fit_encode.cpp */,
				4286E2512594D9090010DFF8 /* fit_camera_event_mesg.hpp */,
				4286E2522594D9090010DFF8 /* fit_totals_mesg.hpp */,
				4286E2532594D9090010DFF8 /* fit_file_capabilities_mesg_listener.hpp */,
				4286E2542594D9090010DFF8 /* fit_magnetometer_data_mesg.hpp */,
				4286E2552594D9090010DFF8 /* fit_mesg_with_event.hpp */,
				4286E2562594D9090010DFF8 /* fit_monitoring_mesg_listener.hpp */,
				4286E2572594D9090010DFF8 /* fit_jump_mesg_listener.hpp */,
				4286E2582594D9090010DFF8 /* fit_nmea_sentence_mesg.hpp */,
				4286E2592594D9090010DFF8 /* fit_date_time.cpp */,
				4286E25A2594D9090010DFF8 /* fit_crc.hpp */,
				4286E25B2594D9090010DFF8 /* fit_video_description_mesg_listener.hpp */,
				4286E25C2594D9090010DFF8 /* fit_event_mesg.hpp */,
				4286E25D2594D9090010DFF8 /* fit.hpp */,
				4286E25E2594D9090010DFF8 /* fit_ant_tx_mesg_listener.hpp */,
				4286E25F2594D9090010DFF8 /* fit_developer_field_description.cpp */,
				4286E2602594D9090010DFF8 /* fit_exercise_title_mesg.hpp */,
				4286E2612594D9090010DFF8 /* fit_workout_session_mesg_listener.hpp */,
				4286E2622594D9090010DFF8 /* fit_barometer_data_mesg_listener.hpp */,
				4286E2632594D9090010DFF8 /* fit_field_definition.cpp */,
				4286E2642594D9090010DFF8 /* fit_lap_mesg_listener.hpp */,
				4286E2652594D9090010DFF8 /* fit_climb_pro_mesg_listener.hpp */,
				4286E2662594D9090010DFF8 /* fit_one_d_sensor_calibration_mesg.hpp */,
				4286E2672594D9090010DFF8 /* fit_dive_alarm_mesg.hpp */,
				4286E2682594D9090010DFF8 /* fit_file_capabilities_mesg.hpp */,
				4286E2692594D9090010DFF8 /* fit_nmea_sentence_mesg_listener.hpp */,
				4286E26A2594D9090010DFF8 /* fit_ant_channel_id_mesg_listener.hpp */,
				4286E26B2594D9090010DFF8 /* fit_buffer_encode.cpp */,
				4286E26C2594D9090010DFF8 /* fit_field.hpp */,
				4286E26D2594D9090010DFF8 /* fit_mesg_with_event_listener.hpp */,
				4286E26E2594D9090010DFF8 /* fit_goal_mesg.hpp */,
				4286E26F2594D9090010DFF8 /* fit_workout_session_mesg.hpp */,
				4286E2702594D9090010DFF8 /* fit_zones_target_mesg.hpp */,
				4286E2712594D9090010DFF8 /* fit_field_description_mesg_listener.hpp */,
				4286E2722594D9090010DFF8 /* fit_profile.hpp */,
				4286E2732594D9090010DFF8 /* fit_dive_summary_mesg.hpp */,
				4286E2742594D9090010DFF8 /* fit_developer_field_definition.cpp */,
				4286E2752594D9090010DFF8 /* fit_set_mesg_listener.hpp */,
				4286E2762594D9090010DFF8 /* fit_dive_settings_mesg_listener.hpp */,
				4286E2772594D9090010DFF8 /* fit_hrv_mesg_listener.hpp */,
				4286E2782594D9090010DFF8 /* fit_met_zone_mesg_listener.hpp */,
				4286E2792594D9090010DFF8 /* fit_capabilities_mesg.hpp */,
				4286E27A2594D9090010DFF8 /* fit_aviation_attitude_mesg.hpp */,
				4286E27B2594D9090010DFF8 /* fit_mesg_broadcaster.cpp */,
				4286E27C2594D9090010DFF8 /* fit_capabilities_mesg_listener.hpp */,
				4286E27D2594D9090010DFF8 /* fit_file_id_mesg_listener.hpp */,
				4286E27E2594D9090010DFF8 /* fit_mesg_with_event_broadcaster.cpp */,
				4286E27F2594D9090010DFF8 /* fit_field_base.cpp */,
				4286E2802594D9090010DFF8 /* fit_exd_data_concept_configuration_mesg_listener.hpp */,
				4286E2812594D9090010DFF8 /* fit_speed_zone_mesg.hpp */,
				4286E2822594D9090010DFF8 /* fit_watchface_settings_mesg.hpp */,
				4286E2832594D9090010DFF8 /* fit_pad_mesg_listener.hpp */,
				4286E2842594D9090010DFF8 /* fit_obdii_data_mesg_listener.hpp */,
				4286E2852594D9090010DFF8 /* fit_device_settings_mesg.hpp */,
				4286E2862594D9090010DFF8 /* fit_totals_mesg_listener.hpp */,
				4286E2872594D9090010DFF8 /* fit_connectivity_mesg_listener.hpp */,
				4286E2882594D9090010DFF8 /* fit_mesg_definition.hpp */,
				4286E2892594D9090010DFF8 /* fit_video_title_mesg_listener.hpp */,
				4286E28A2594D9090010DFF8 /* fit_segment_lap_mesg.hpp */,
				4286E28B2594D9090010DFF8 /* fit_training_file_mesg_listener.hpp */,
				4286E28C2594D9090010DFF8 /* fit_file_creator_mesg.hpp */,
				4286E28D2594D9090010DFF8 /* fit_blood_pressure_mesg.hpp */,
				4286E28E2594D9090010DFF8 /* fit_mesg_listener.hpp */,
				4286E28F2594D9090010DFF8 /* fit_encode.hpp */,
				4286E2902594D9090010DFF8 /* fit_device_info_mesg.hpp */,
				4286E2912594D9090010DFF8 /* fit_one_d_sensor_calibration_mesg_listener.hpp */,
				4286E2922594D9090010DFF8 /* fit_mesg_definition_listener.hpp */,
				4286E2932594D9090010DFF8 /* fit_weather_conditions_mesg_listener.hpp */,
				4286E2942594D9090010DFF8 /* fit.cpp */,
				4286E2952594D9090010DFF8 /* fit_date_time.hpp */,
				4286E2962594D9090010DFF8 /* fit_crc.cpp */,
				4286E2972594D9090010DFF8 /* fit_field_definition.hpp */,
				4286E2982594D9090010DFF8 /* fit_field_capabilities_mesg_listener.hpp */,
				4286E2992594D9090010DFF8 /* fit_developer_field_description.hpp */,
				4286E29A2594D9090010DFF8 /* fit_course_point_mesg_listener.hpp */,
				4286E29B2594D9090010DFF8 /* fit_hr_mesg_listener.hpp */,
				4286E29C2594D9090010DFF8 /* fit_slave_device_mesg.hpp */,
				4286E29D2594D9090010DFF8 /* fit_dive_alarm_mesg_listener.hpp */,
				4286E29E2594D9090010DFF8 /* fit_hr_zone_mesg_listener.hpp */,
				4286E29F2594D9090010DFF8 /* fit_weight_scale_mesg.hpp */,
				4286E2A02594D9090010DFF8 /* fit_pad_mesg.hpp */,
				4286E2A12594D9090010DFF8 /* fit_buffer_encode.hpp */,
				4286E2A22594D9090010DFF8 /* fit_video_description_mesg.hpp */,
				4286E2A32594D9090010DFF8 /* fit_developer_data_id_mesg_listener.hpp */,
				4286E2A42594D9090010DFF8 /* fit_timestamp_correlation_mesg.hpp */,
				4286E2A52594D9090010DFF8 /* fit_weather_alert_mesg.hpp */,
				4286E2A62594D9090010DFF8 /* fit_exd_data_concept_configuration_mesg.hpp */,
				4286E2A72594D9090010DFF8 /* fit_buffered_mesg_broadcaster.hpp */,
				4286E2A82594D9090010DFF8 /* fit_sport_mesg_listener.hpp */,
				4286E2A92594D9090010DFF8 /* fit_stress_level_mesg.hpp */,
				4286E2AA2594D9090010DFF8 /* fit_dive_summary_mesg_listener.hpp */,
				4286E2AB2594D9090010DFF8 /* fit_video_mesg_listener.hpp */,
				4286E2AC2594D90A0010DFF8 /* fit_developer_field.hpp */,
				4286E2AD2594D90A0010DFF8 /* fit_weight_scale_mesg_listener.hpp */,
				4286E2AE2594D90A0010DFF8 /* fit_course_mesg_listener.hpp */,
				4286E2AF2594D90A0010DFF8 /* fit_config.hpp */,
				4286E2B02594D90A0010DFF8 /* fit_gyroscope_data_mesg.hpp */,
				4286E2B12594D90A0010DFF8 /* fit_lap_mesg.hpp */,
				4286E2B22594D90A0010DFF8 /* fit_blood_pressure_mesg_listener.hpp */,
				4286E2B32594D90A0010DFF8 /* fit_ohr_settings_mesg.hpp */,
				4286E2B42594D90A0010DFF8 /* fit_segment_id_mesg.hpp */,
				4286E2B52594D90A0010DFF8 /* fit_unicode.cpp */,
				4286E2B62594D90A0010DFF8 /* fit_decode.hpp */,
				4286E2B72594D90A0010DFF8 /* fit_accumulated_field.cpp */,
				4286E2B82594D90A0010DFF8 /* fit_protocol_validator.hpp */,
				4286E2B92594D90A0010DFF8 /* fit_memo_glob_mesg_listener.hpp */,
				4286E2BA2594D90A0010DFF8 /* fit_segment_file_mesg_listener.hpp */,
				4286E2BB2594D90A0010DFF8 /* fit_segment_lap_mesg_listener.hpp */,
				4286E2BC2594D90A0010DFF8 /* fit_developer_field_description_listener.hpp */,
				4286E2BD2594D90A0010DFF8 /* fit_exd_screen_configuration_mesg_listener.hpp */,
				4286E2BE2594D90A0010DFF8 /* fit_exercise_title_mesg_listener.hpp */,
				4286E2BF2594D90A0010DFF8 /* fit_training_file_mesg.hpp */,
				4286E2C02594D90A0010DFF8 /* fit_user_profile_mesg_listener.hpp */,
				4286E2C12594D90A0010DFF8 /* fit_software_mesg.hpp */,
				4286E2C22594D90A0010DFF8 /* fit_length_mesg_listener.hpp */,
				4286E2C32594D90A0010DFF8 /* fit_accumulator.hpp */,
				4286E2C42594D90A0010DFF8 /* fit_accelerometer_data_mesg_listener.hpp */,
				4286E2C52594D90A0010DFF8 /* fit_dive_gas_mesg_listener.hpp */,
				4286E2C62594D90A0010DFF8 /* fit_segment_file_mesg.hpp */,
				4286E2C72594D90A0010DFF8 /* fit_course_mesg.hpp */,
				4286E2C82594D90A0010DFF8 /* fit_event_mesg_listener.hpp */,
				4286E2C92594D90A0010DFF8 /* fit_exd_screen_configuration_mesg.hpp */,
				4286E2CA2594D90A0010DFF8 /* fit_mesg.hpp */,
				4286E2CB2594D90A0010DFF8 /* fit_video_frame_mesg_listener.hpp */,
				4286E2CC2594D90A0010DFF8 /* fit_connectivity_mesg.hpp */,
				4286E2CD2594D90A0010DFF8 /* fit_magnetometer_data_mesg_listener.hpp */,
				4286E2CE2594D90A0010DFF8 /* fit_ohr_settings_mesg_listener.hpp */,
				4286E2CF2594D90A0010DFF8 /* fit_gps_metadata_mesg_listener.hpp */,
				4286E2D02594D90A0010DFF8 /* fit_factory.cpp */,
				4286E2D12594D90A0010DFF8 /* fit_power_zone_mesg.hpp */,
				4286E2D22594D90A0010DFF8 /* fit_buffered_record_mesg_broadcaster.hpp */,
				4286E2D32594D90A0010DFF8 /* fit_stress_level_mesg_listener.hpp */,
				4286E2D42594D90A0010DFF8 /* fit_hrm_profile_mesg_listener.hpp */,
				4286E2D52594D90A0010DFF8 /* fit_hr_mesg.hpp */,
				4286E2D62594D90A0010DFF8 /* fit_mesg_capabilities_mesg_listener.hpp */,
			);
			path = sdkcpp;
			sourceTree = "<group>";
		};
		4286E2D82594D90A0010DFF8 /* fitdataprotocol */ = {
			isa = PBXGroup;
			children = (
				4286E2D92594D90A0010DFF8 /* main.swift */,
			);
			path = fitdataprotocol;
			sourceTree = "<group>";
		};
		4286E2DA2594D90A0010DFF8 /* fitparser */ = {
			isa = PBXGroup;
			children = (
				4286E2DB2594D90A0010DFF8 /* main.swift */,
			);
			path = fitparser;
			sourceTree = "<group>";
		};
		42E8808C257D6F2A0024546F = {
			isa = PBXGroup;
			children = (
				4253ABF72736A0F400EAA85E /* Packages */,
				4286E1EA2594D9090010DFF8 /* Sources */,
				42E88096257D6F2A0024546F /* Products */,
				42E880B7257D70D30024546F /* Frameworks */,
			);
			sourceTree = "<group>";
		};
		42E88096257D6F2A0024546F /* Products */ = {
			isa = PBXGroup;
			children = (
				42E88095257D6F2A0024546F /* fitparser */,
				42E880A4257D6F5F0024546F /* fitprotocol */,
				4265FDF7257E3C0300D562DF /* fitsdkcpp */,
				4253ABF02736A09C00EAA85E /* fitsdkobjc */,
				92AAA7652DCFE43D00602A8B /* fitsdkswift */,
			);
			name = Products;
			sourceTree = "<group>";
		};
		42E880B7257D70D30024546F /* Frameworks */ = {
			isa = PBXGroup;
			children = (
			);
			name = Frameworks;
			sourceTree = "<group>";
		};
/* End PBXGroup section */

/* Begin PBXNativeTarget section */
		4253ABEF2736A09C00EAA85E /* fitsdkobjc */ = {
			isa = PBXNativeTarget;
			buildConfigurationList = 4253ABF42736A09C00EAA85E /* Build configuration list for PBXNativeTarget "fitsdkobjc" */;
			buildPhases = (
				4253ABEC2736A09C00EAA85E /* Sources */,
				4253ABED2736A09C00EAA85E /* Frameworks */,
				4253ABEE2736A09C00EAA85E /* CopyFiles */,
			);
			buildRules = (
			);
			dependencies = (
			);
			name = fitsdkobjc;
			packageProductDependencies = (
				4253ABFA2736A12B00EAA85E /* FIT */,
				4253ABFC2736B75500EAA85E /* ArgumentParser */,
			);
			productName = fitsdkobjc;
			productReference = 4253ABF02736A09C00EAA85E /* fitsdkobjc */;
			productType = "com.apple.product-type.tool";
		};
		4265FDF6257E3C0300D562DF /* fitsdkcpp */ = {
			isa = PBXNativeTarget;
			buildConfigurationList = 4265FDFD257E3C0300D562DF /* Build configuration list for PBXNativeTarget "fitsdkcpp" */;
			buildPhases = (
				4265FDF3257E3C0300D562DF /* Sources */,
				4265FDF4257E3C0300D562DF /* Frameworks */,
				4265FDF5257E3C0300D562DF /* CopyFiles */,
			);
			buildRules = (
			);
			dependencies = (
			);
			name = fitsdkcpp;
			productName = fitsdkcpp;
			productReference = 4265FDF7257E3C0300D562DF /* fitsdkcpp */;
			productType = "com.apple.product-type.tool";
		};
		42E88094257D6F2A0024546F /* fitparser */ = {
			isa = PBXNativeTarget;
			buildConfigurationList = 42E8809C257D6F2A0024546F /* Build configuration list for PBXNativeTarget "fitparser" */;
			buildPhases = (
				42E88091257D6F2A0024546F /* Sources */,
				42E88092257D6F2A0024546F /* Frameworks */,
				42E88093257D6F2A0024546F /* CopyFiles */,
			);
			buildRules = (
			);
			dependencies = (
			);
			name = fitparser;
			packageProductDependencies = (
				42E880B3257D6FF60024546F /* ArgumentParser */,
				42E880CC257D97750024546F /* FitFileParser */,
			);
			productName = fitjson;
			productReference = 42E88095257D6F2A0024546F /* fitparser */;
			productType = "com.apple.product-type.tool";
		};
		42E880A3257D6F5F0024546F /* fitprotocol */ = {
			isa = PBXNativeTarget;
			buildConfigurationList = 42E880A8257D6F5F0024546F /* Build configuration list for PBXNativeTarget "fitprotocol" */;
			buildPhases = (
				42E880A0257D6F5F0024546F /* Sources */,
				42E880A1257D6F5F0024546F /* Frameworks */,
				42E880A2257D6F5F0024546F /* CopyFiles */,
			);
			buildRules = (
			);
			dependencies = (
			);
			name = fitprotocol;
			packageProductDependencies = (
				42E880B8257D70D30024546F /* ArgumentParser */,
				42E880BB257D711D0024546F /* FitDataProtocol */,
			);
			productName = fitcompare;
			productReference = 42E880A4257D6F5F0024546F /* fitprotocol */;
			productType = "com.apple.product-type.tool";
		};
		92AAA7642DCFE43D00602A8B /* fitsdkswift */ = {
			isa = PBXNativeTarget;
			buildConfigurationList = 92AAA76B2DCFE43D00602A8B /* Build configuration list for PBXNativeTarget "fitsdkswift" */;
			buildPhases = (
				92AAA7612DCFE43D00602A8B /* Sources */,
				92AAA7622DCFE43D00602A8B /* Frameworks */,
				92AAA7632DCFE43D00602A8B /* CopyFiles */,
			);
			buildRules = (
			);
			dependencies = (
			);
			name = fitsdkswift;
			packageProductDependencies = (
				92AAA76D2DCFE49700602A8B /* FITSwiftSDK */,
				92AAA76F2DCFEED700602A8B /* ArgumentParser */,
			);
			productName = fitsdkswift;
			productReference = 92AAA7652DCFE43D00602A8B /* fitsdkswift */;
			productType = "com.apple.product-type.tool";
		};
/* End PBXNativeTarget section */

/* Begin PBXProject section */
		42E8808D257D6F2A0024546F /* Project object */ = {
			isa = PBXProject;
			attributes = {
				BuildIndependentTargetsInParallel = YES;
				LastSwiftUpdateCheck = 1630;
				LastUpgradeCheck = 1630;
				TargetAttributes = {
					4253ABEF2736A09C00EAA85E = {
						CreatedOnToolsVersion = 13.1;
					};
					4265FDF6257E3C0300D562DF = {
						CreatedOnToolsVersion = 12.2;
					};
					42E88094257D6F2A0024546F = {
						CreatedOnToolsVersion = 12.2;
					};
					42E880A3257D6F5F0024546F = {
						CreatedOnToolsVersion = 12.2;
					};
					92AAA7642DCFE43D00602A8B = {
						CreatedOnToolsVersion = 16.3;
					};
				};
			};
			buildConfigurationList = 42E88090257D6F2A0024546F /* Build configuration list for PBXProject "fitbenchmarks" */;
			compatibilityVersion = "Xcode 9.3";
			developmentRegion = en;
			hasScannedForEncodings = 0;
			knownRegions = (
				en,
				Base,
			);
			mainGroup = 42E8808C257D6F2A0024546F;
			packageReferences = (
				42E880AD257D6F860024546F /* XCRemoteSwiftPackageReference "FitFileParser" */,
				42E880B2257D6FF60024546F /* XCRemoteSwiftPackageReference "swift-argument-parser" */,
				42E880BA257D711D0024546F /* XCRemoteSwiftPackageReference "FitDataProtocol" */,
				92AAA76C2DCFE49700602A8B /* XCRemoteSwiftPackageReference "fit-swift-sdk" */,
			);
			productRefGroup = 42E88096257D6F2A0024546F /* Products */;
			projectDirPath = "";
			projectRoot = "";
			targets = (
				42E88094257D6F2A0024546F /* fitparser */,
				42E880A3257D6F5F0024546F /* fitprotocol */,
				4265FDF6257E3C0300D562DF /* fitsdkcpp */,
				4253ABEF2736A09C00EAA85E /* fitsdkobjc */,
				92AAA7642DCFE43D00602A8B /* fitsdkswift */,
			);
		};
/* End PBXProject section */

/* Begin PBXSourcesBuildPhase section */
		4253ABEC2736A09C00EAA85E /* Sources */ = {
			isa = PBXSourcesBuildPhase;
			buildActionMask = 2147483647;
			files = (
				4253ABF32736A09C00EAA85E /* main.swift in Sources */,
			);
			runOnlyForDeploymentPostprocessing = 0;
		};
		4265FDF3257E3C0300D562DF /* Sources */ = {
			isa = PBXSourcesBuildPhase;
			buildActionMask = 2147483647;
			files = (
				4286E2F02594D9460010DFF8 /* fit_field.cpp in Sources */,
				4286E2F42594D9460010DFF8 /* fit.cpp in Sources */,
				4286E2F92594D9460010DFF8 /* fit_buffered_record_mesg_broadcaster.cpp in Sources */,
				4286E2E42594D9250010DFF8 /* main.cpp in Sources */,
				4286E2F82594D9460010DFF8 /* fit_developer_field.cpp in Sources */,
				4286E2F12594D9460010DFF8 /* fit_mesg_broadcaster.cpp in Sources */,
				4286E2E92594D9460010DFF8 /* fit_encode.cpp in Sources */,
				4286E2F62594D9460010DFF8 /* fit_decode.cpp in Sources */,
				4286E2EA2594D9460010DFF8 /* fit_mesg_definition.cpp in Sources */,
				4286E2FF2594D9460010DFF8 /* fit_protocol_validator.cpp in Sources */,
				4286E2FA2594D9460010DFF8 /* fit_buffered_mesg_broadcaster.cpp in Sources */,
				4286E2EF2594D9460010DFF8 /* fit_mesg_with_event_broadcaster.cpp in Sources */,
				4286E2F32594D9460010DFF8 /* fit_field_base.cpp in Sources */,
				4286E2FC2594D9460010DFF8 /* fit_accumulator.cpp in Sources */,
				4286E2F22594D9460010DFF8 /* fit_crc.cpp in Sources */,
				4286E2FB2594D9460010DFF8 /* fit_developer_field_description.cpp in Sources */,
				4286E2F52594D9460010DFF8 /* fit_factory.cpp in Sources */,
				4286E2FE2594D9460010DFF8 /* fit_date_time.cpp in Sources */,
				4286E2E82594D9460010DFF8 /* fit_mesg.cpp in Sources */,
				4286E2ED2594D9460010DFF8 /* fit_developer_field_definition.cpp in Sources */,
				4286E2EB2594D9460010DFF8 /* fit_field_definition.cpp in Sources */,
				4286E2F72594D9460010DFF8 /* fit_profile.cpp in Sources */,
				4286E2FD2594D9460010DFF8 /* fit_unicode.cpp in Sources */,
				4286E2EC2594D9460010DFF8 /* fit_buffer_encode.cpp in Sources */,
				4286E2EE2594D9460010DFF8 /* fit_accumulated_field.cpp in Sources */,
			);
			runOnlyForDeploymentPostprocessing = 0;
		};
		42E88091257D6F2A0024546F /* Sources */ = {
			isa = PBXSourcesBuildPhase;
			buildActionMask = 2147483647;
			files = (
				4286E2DC2594D9180010DFF8 /* main.swift in Sources */,
			);
			runOnlyForDeploymentPostprocessing = 0;
		};
		42E880A0257D6F5F0024546F /* Sources */ = {
			isa = PBXSourcesBuildPhase;
			buildActionMask = 2147483647;
			files = (
				4286E2E02594D9200010DFF8 /* main.swift in Sources */,
			);
			runOnlyForDeploymentPostprocessing = 0;
		};
		92AAA7612DCFE43D00602A8B /* Sources */ = {
			isa = PBXSourcesBuildPhase;
			buildActionMask = 2147483647;
			files = (
			);
			runOnlyForDeploymentPostprocessing = 0;
		};
/* End PBXSourcesBuildPhase section */

/* Begin XCBuildConfiguration section */
		4253ABF52736A09C00EAA85E /* Debug */ = {
			isa = XCBuildConfiguration;
			buildSettings = {
				CLANG_CXX_LANGUAGE_STANDARD = "gnu++17";
				CODE_SIGN_IDENTITY = "-";
				CODE_SIGN_STYLE = Automatic;
				DEAD_CODE_STRIPPING = YES;
				DEVELOPMENT_TEAM = M7QSSF3624;
				ENABLE_HARDENED_RUNTIME = YES;
				MACOSX_DEPLOYMENT_TARGET = 12.0;
				PRODUCT_NAME = "$(TARGET_NAME)";
				SWIFT_VERSION = 5.0;
			};
			name = Debug;
		};
		4253ABF62736A09C00EAA85E /* Release */ = {
			isa = XCBuildConfiguration;
			buildSettings = {
				CLANG_CXX_LANGUAGE_STANDARD = "gnu++17";
				CODE_SIGN_IDENTITY = "-";
				CODE_SIGN_STYLE = Automatic;
				DEAD_CODE_STRIPPING = YES;
				DEVELOPMENT_TEAM = M7QSSF3624;
				ENABLE_HARDENED_RUNTIME = YES;
				MACOSX_DEPLOYMENT_TARGET = 12.0;
				PRODUCT_NAME = "$(TARGET_NAME)";
				SWIFT_VERSION = 5.0;
			};
			name = Release;
		};
		4265FDFB257E3C0300D562DF /* Debug */ = {
			isa = XCBuildConfiguration;
			buildSettings = {
				CLANG_CXX_LANGUAGE_STANDARD = "c++17";
				CODE_SIGN_IDENTITY = "-";
				CODE_SIGN_STYLE = Automatic;
				DEAD_CODE_STRIPPING = YES;
				DEVELOPMENT_TEAM = M7QSSF3624;
				ENABLE_HARDENED_RUNTIME = YES;
				GCC_C_LANGUAGE_STANDARD = c17;
				HEADER_SEARCH_PATHS = sdkcpp;
				PRODUCT_NAME = "$(TARGET_NAME)";
			};
			name = Debug;
		};
		4265FDFC257E3C0300D562DF /* Release */ = {
			isa = XCBuildConfiguration;
			buildSettings = {
				CLANG_CXX_LANGUAGE_STANDARD = "c++17";
				CODE_SIGN_IDENTITY = "-";
				CODE_SIGN_STYLE = Automatic;
				DEAD_CODE_STRIPPING = YES;
				DEVELOPMENT_TEAM = M7QSSF3624;
				ENABLE_HARDENED_RUNTIME = YES;
				GCC_C_LANGUAGE_STANDARD = c17;
				HEADER_SEARCH_PATHS = sdkcpp;
				PRODUCT_NAME = "$(TARGET_NAME)";
			};
			name = Release;
		};
		42E8809A257D6F2A0024546F /* Debug */ = {
			isa = XCBuildConfiguration;
			buildSettings = {
				ALWAYS_SEARCH_USER_PATHS = NO;
				CLANG_ANALYZER_NONNULL = YES;
				CLANG_ANALYZER_NUMBER_OBJECT_CONVERSION = YES_AGGRESSIVE;
				CLANG_CXX_LANGUAGE_STANDARD = "gnu++14";
				CLANG_CXX_LIBRARY = "libc++";
				CLANG_ENABLE_MODULES = YES;
				CLANG_ENABLE_OBJC_ARC = YES;
				CLANG_ENABLE_OBJC_WEAK = YES;
				CLANG_WARN_BLOCK_CAPTURE_AUTORELEASING = YES;
				CLANG_WARN_BOOL_CONVERSION = YES;
				CLANG_WARN_COMMA = YES;
				CLANG_WARN_CONSTANT_CONVERSION = YES;
				CLANG_WARN_DEPRECATED_OBJC_IMPLEMENTATIONS = YES;
				CLANG_WARN_DIRECT_OBJC_ISA_USAGE = YES_ERROR;
				CLANG_WARN_DOCUMENTATION_COMMENTS = YES;
				CLANG_WARN_EMPTY_BODY = YES;
				CLANG_WARN_ENUM_CONVERSION = YES;
				CLANG_WARN_INFINITE_RECURSION = YES;
				CLANG_WARN_INT_CONVERSION = YES;
				CLANG_WARN_NON_LITERAL_NULL_CONVERSION = YES;
				CLANG_WARN_OBJC_IMPLICIT_RETAIN_SELF = YES;
				CLANG_WARN_OBJC_LITERAL_CONVERSION = YES;
				CLANG_WARN_OBJC_ROOT_CLASS = YES_ERROR;
				CLANG_WARN_QUOTED_INCLUDE_IN_FRAMEWORK_HEADER = YES;
				CLANG_WARN_RANGE_LOOP_ANALYSIS = YES;
				CLANG_WARN_STRICT_PROTOTYPES = YES;
				CLANG_WARN_SUSPICIOUS_MOVE = YES;
				CLANG_WARN_UNGUARDED_AVAILABILITY = YES_AGGRESSIVE;
				CLANG_WARN_UNREACHABLE_CODE = YES;
				CLANG_WARN__DUPLICATE_METHOD_MATCH = YES;
				COPY_PHASE_STRIP = NO;
				DEAD_CODE_STRIPPING = YES;
				DEBUG_INFORMATION_FORMAT = dwarf;
				ENABLE_STRICT_OBJC_MSGSEND = YES;
				ENABLE_TESTABILITY = YES;
				GCC_C_LANGUAGE_STANDARD = gnu11;
				GCC_DYNAMIC_NO_PIC = NO;
				GCC_NO_COMMON_BLOCKS = YES;
				GCC_OPTIMIZATION_LEVEL = 0;
				GCC_PREPROCESSOR_DEFINITIONS = (
					"DEBUG=1",
					"$(inherited)",
				);
				GCC_WARN_64_TO_32_BIT_CONVERSION = YES;
				GCC_WARN_ABOUT_RETURN_TYPE = YES_ERROR;
				GCC_WARN_UNDECLARED_SELECTOR = YES;
				GCC_WARN_UNINITIALIZED_AUTOS = YES_AGGRESSIVE;
				GCC_WARN_UNUSED_FUNCTION = YES;
				GCC_WARN_UNUSED_VARIABLE = YES;
				MACOSX_DEPLOYMENT_TARGET = 11.0;
				MTL_ENABLE_DEBUG_INFO = INCLUDE_SOURCE;
				MTL_FAST_MATH = YES;
				ONLY_ACTIVE_ARCH = YES;
				SDKROOT = macosx;
				SWIFT_ACTIVE_COMPILATION_CONDITIONS = DEBUG;
				SWIFT_OPTIMIZATION_LEVEL = "-Onone";
			};
			name = Debug;
		};
		42E8809B257D6F2A0024546F /* Release */ = {
			isa = XCBuildConfiguration;
			buildSettings = {
				ALWAYS_SEARCH_USER_PATHS = NO;
				CLANG_ANALYZER_NONNULL = YES;
				CLANG_ANALYZER_NUMBER_OBJECT_CONVERSION = YES_AGGRESSIVE;
				CLANG_CXX_LANGUAGE_STANDARD = "gnu++14";
				CLANG_CXX_LIBRARY = "libc++";
				CLANG_ENABLE_MODULES = YES;
				CLANG_ENABLE_OBJC_ARC = YES;
				CLANG_ENABLE_OBJC_WEAK = YES;
				CLANG_WARN_BLOCK_CAPTURE_AUTORELEASING = YES;
				CLANG_WARN_BOOL_CONVERSION = YES;
				CLANG_WARN_COMMA = YES;
				CLANG_WARN_CONSTANT_CONVERSION = YES;
				CLANG_WARN_DEPRECATED_OBJC_IMPLEMENTATIONS = YES;
				CLANG_WARN_DIRECT_OBJC_ISA_USAGE = YES_ERROR;
				CLANG_WARN_DOCUMENTATION_COMMENTS = YES;
				CLANG_WARN_EMPTY_BODY = YES;
				CLANG_WARN_ENUM_CONVERSION = YES;
				CLANG_WARN_INFINITE_RECURSION = YES;
				CLANG_WARN_INT_CONVERSION = YES;
				CLANG_WARN_NON_LITERAL_NULL_CONVERSION = YES;
				CLANG_WARN_OBJC_IMPLICIT_RETAIN_SELF = YES;
				CLANG_WARN_OBJC_LITERAL_CONVERSION = YES;
				CLANG_WARN_OBJC_ROOT_CLASS = YES_ERROR;
				CLANG_WARN_QUOTED_INCLUDE_IN_FRAMEWORK_HEADER = YES;
				CLANG_WARN_RANGE_LOOP_ANALYSIS = YES;
				CLANG_WARN_STRICT_PROTOTYPES = YES;
				CLANG_WARN_SUSPICIOUS_MOVE = YES;
				CLANG_WARN_UNGUARDED_AVAILABILITY = YES_AGGRESSIVE;
				CLANG_WARN_UNREACHABLE_CODE = YES;
				CLANG_WARN__DUPLICATE_METHOD_MATCH = YES;
				COPY_PHASE_STRIP = NO;
				DEAD_CODE_STRIPPING = YES;
				DEBUG_INFORMATION_FORMAT = "dwarf-with-dsym";
				ENABLE_NS_ASSERTIONS = NO;
				ENABLE_STRICT_OBJC_MSGSEND = YES;
				GCC_C_LANGUAGE_STANDARD = gnu11;
				GCC_NO_COMMON_BLOCKS = YES;
				GCC_WARN_64_TO_32_BIT_CONVERSION = YES;
				GCC_WARN_ABOUT_RETURN_TYPE = YES_ERROR;
				GCC_WARN_UNDECLARED_SELECTOR = YES;
				GCC_WARN_UNINITIALIZED_AUTOS = YES_AGGRESSIVE;
				GCC_WARN_UNUSED_FUNCTION = YES;
				GCC_WARN_UNUSED_VARIABLE = YES;
				MACOSX_DEPLOYMENT_TARGET = 11.0;
				MTL_ENABLE_DEBUG_INFO = NO;
				MTL_FAST_MATH = YES;
				SDKROOT = macosx;
				SWIFT_COMPILATION_MODE = wholemodule;
				SWIFT_OPTIMIZATION_LEVEL = "-O";
			};
			name = Release;
		};
		42E8809D257D6F2A0024546F /* Debug */ = {
			isa = XCBuildConfiguration;
			buildSettings = {
				CODE_SIGN_IDENTITY = "-";
				CODE_SIGN_STYLE = Automatic;
				DEAD_CODE_STRIPPING = YES;
				DEVELOPMENT_TEAM = M7QSSF3624;
				ENABLE_HARDENED_RUNTIME = YES;
				PRODUCT_NAME = "$(TARGET_NAME)";
				SWIFT_VERSION = 5.0;
			};
			name = Debug;
		};
		42E8809E257D6F2A0024546F /* Release */ = {
			isa = XCBuildConfiguration;
			buildSettings = {
				CODE_SIGN_IDENTITY = "-";
				CODE_SIGN_STYLE = Automatic;
				DEAD_CODE_STRIPPING = YES;
				DEVELOPMENT_TEAM = M7QSSF3624;
				ENABLE_HARDENED_RUNTIME = YES;
				PRODUCT_NAME = "$(TARGET_NAME)";
				SWIFT_VERSION = 5.0;
			};
			name = Release;
		};
		42E880A9257D6F5F0024546F /* Debug */ = {
			isa = XCBuildConfiguration;
			buildSettings = {
				CODE_SIGN_IDENTITY = "-";
				CODE_SIGN_STYLE = Automatic;
				DEAD_CODE_STRIPPING = YES;
				DEVELOPMENT_TEAM = M7QSSF3624;
				ENABLE_HARDENED_RUNTIME = YES;
				PRODUCT_NAME = "$(TARGET_NAME)";
				SWIFT_VERSION = 5.0;
			};
			name = Debug;
		};
		42E880AA257D6F5F0024546F /* Release */ = {
			isa = XCBuildConfiguration;
			buildSettings = {
				CODE_SIGN_IDENTITY = "-";
				CODE_SIGN_STYLE = Automatic;
				DEAD_CODE_STRIPPING = YES;
				DEVELOPMENT_TEAM = M7QSSF3624;
				ENABLE_HARDENED_RUNTIME = YES;
				PRODUCT_NAME = "$(TARGET_NAME)";
				SWIFT_VERSION = 5.0;
			};
			name = Release;
		};
		92AAA7692DCFE43D00602A8B /* Debug */ = {
			isa = XCBuildConfiguration;
			buildSettings = {
				ASSETCATALOG_COMPILER_GENERATE_SWIFT_ASSET_SYMBOL_EXTENSIONS = YES;
				CLANG_CXX_LANGUAGE_STANDARD = "gnu++20";
				"CODE_SIGN_IDENTITY[sdk=macosx*]" = "-";
				CODE_SIGN_STYLE = Automatic;
				DEAD_CODE_STRIPPING = YES;
				DEVELOPMENT_TEAM = "";
				ENABLE_HARDENED_RUNTIME = YES;
				ENABLE_USER_SCRIPT_SANDBOXING = YES;
				GCC_C_LANGUAGE_STANDARD = gnu17;
				LOCALIZATION_PREFERS_STRING_CATALOGS = YES;
				MACOSX_DEPLOYMENT_TARGET = 15.0;
				PRODUCT_NAME = "$(TARGET_NAME)";
				SWIFT_ACTIVE_COMPILATION_CONDITIONS = "DEBUG $(inherited)";
				SWIFT_VERSION = 5.0;
			};
			name = Debug;
		};
		92AAA76A2DCFE43D00602A8B /* Release */ = {
			isa = XCBuildConfiguration;
			buildSettings = {
				ASSETCATALOG_COMPILER_GENERATE_SWIFT_ASSET_SYMBOL_EXTENSIONS = YES;
				CLANG_CXX_LANGUAGE_STANDARD = "gnu++20";
				"CODE_SIGN_IDENTITY[sdk=macosx*]" = "-";
				CODE_SIGN_STYLE = Automatic;
				DEAD_CODE_STRIPPING = YES;
				DEVELOPMENT_TEAM = "";
				ENABLE_HARDENED_RUNTIME = YES;
				ENABLE_USER_SCRIPT_SANDBOXING = YES;
				GCC_C_LANGUAGE_STANDARD = gnu17;
				LOCALIZATION_PREFERS_STRING_CATALOGS = YES;
				MACOSX_DEPLOYMENT_TARGET = 15.0;
				PRODUCT_NAME = "$(TARGET_NAME)";
				SWIFT_VERSION = 5.0;
			};
			name = Release;
		};
/* End XCBuildConfiguration section */

/* Begin XCConfigurationList section */
		4253ABF42736A09C00EAA85E /* Build configuration list for PBXNativeTarget "fitsdkobjc" */ = {
			isa = XCConfigurationList;
			buildConfigurations = (
				4253ABF52736A09C00EAA85E /* Debug */,
				4253ABF62736A09C00EAA85E /* Release */,
			);
			defaultConfigurationIsVisible = 0;
			defaultConfigurationName = Release;
		};
		4265FDFD257E3C0300D562DF /* Build configuration list for PBXNativeTarget "fitsdkcpp" */ = {
			isa = XCConfigurationList;
			buildConfigurations = (
				4265FDFB257E3C0300D562DF /* Debug */,
				4265FDFC257E3C0300D562DF /* Release */,
			);
			defaultConfigurationIsVisible = 0;
			defaultConfigurationName = Release;
		};
		42E88090257D6F2A0024546F /* Build configuration list for PBXProject "fitbenchmarks" */ = {
			isa = XCConfigurationList;
			buildConfigurations = (
				42E8809A257D6F2A0024546F /* Debug */,
				42E8809B257D6F2A0024546F /* Release */,
			);
			defaultConfigurationIsVisible = 0;
			defaultConfigurationName = Release;
		};
		42E8809C257D6F2A0024546F /* Build configuration list for PBXNativeTarget "fitparser" */ = {
			isa = XCConfigurationList;
			buildConfigurations = (
				42E8809D257D6F2A0024546F /* Debug */,
				42E8809E257D6F2A0024546F /* Release */,
			);
			defaultConfigurationIsVisible = 0;
			defaultConfigurationName = Release;
		};
		42E880A8257D6F5F0024546F /* Build configuration list for PBXNativeTarget "fitprotocol" */ = {
			isa = XCConfigurationList;
			buildConfigurations = (
				42E880A9257D6F5F0024546F /* Debug */,
				42E880AA257D6F5F0024546F /* Release */,
			);
			defaultConfigurationIsVisible = 0;
			defaultConfigurationName = Release;
		};
		92AAA76B2DCFE43D00602A8B /* Build configuration list for PBXNativeTarget "fitsdkswift" */ = {
			isa = XCConfigurationList;
			buildConfigurations = (
				92AAA7692DCFE43D00602A8B /* Debug */,
				92AAA76A2DCFE43D00602A8B /* Release */,
			);
			defaultConfigurationIsVisible = 0;
			defaultConfigurationName = Release;
		};
/* End XCConfigurationList section */

/* Begin XCRemoteSwiftPackageReference section */
		42E880AD257D6F860024546F /* XCRemoteSwiftPackageReference "FitFileParser" */ = {
			isa = XCRemoteSwiftPackageReference;
			repositoryURL = "https://github.com/roznet/FitFileParser.git";
			requirement = {
				kind = upToNextMajorVersion;
				minimumVersion = 1.0.1;
			};
		};
		42E880B2257D6FF60024546F /* XCRemoteSwiftPackageReference "swift-argument-parser" */ = {
			isa = XCRemoteSwiftPackageReference;
			repositoryURL = "https://github.com/apple/swift-argument-parser";
			requirement = {
				kind = upToNextMajorVersion;
				minimumVersion = 0.3.1;
			};
		};
		42E880BA257D711D0024546F /* XCRemoteSwiftPackageReference "FitDataProtocol" */ = {
			isa = XCRemoteSwiftPackageReference;
			repositoryURL = "https://github.com/FitnessKit/FitDataProtocol";
			requirement = {
				kind = upToNextMajorVersion;
				minimumVersion = 2.1.0;
			};
		};
		92AAA76C2DCFE49700602A8B /* XCRemoteSwiftPackageReference "fit-swift-sdk" */ = {
			isa = XCRemoteSwiftPackageReference;
			repositoryURL = "https://github.com/garmin/fit-swift-sdk.git";
			requirement = {
				kind = upToNextMajorVersion;
				minimumVersion = 21.171.0;
			};
		};
/* End XCRemoteSwiftPackageReference section */

/* Begin XCSwiftPackageProductDependency section */
		4253ABFA2736A12B00EAA85E /* FIT */ = {
			isa = XCSwiftPackageProductDependency;
			productName = FIT;
		};
		4253ABFC2736B75500EAA85E /* ArgumentParser */ = {
			isa = XCSwiftPackageProductDependency;
			package = 42E880B2257D6FF60024546F /* XCRemoteSwiftPackageReference "swift-argument-parser" */;
			productName = ArgumentParser;
		};
		42E880B3257D6FF60024546F /* ArgumentParser */ = {
			isa = XCSwiftPackageProductDependency;
			package = 42E880B2257D6FF60024546F /* XCRemoteSwiftPackageReference "swift-argument-parser" */;
			productName = ArgumentParser;
		};
		42E880B8257D70D30024546F /* ArgumentParser */ = {
			isa = XCSwiftPackageProductDependency;
			package = 42E880B2257D6FF60024546F /* XCRemoteSwiftPackageReference "swift-argument-parser" */;
			productName = ArgumentParser;
		};
		42E880BB257D711D0024546F /* FitDataProtocol */ = {
			isa = XCSwiftPackageProductDependency;
			package = 42E880BA257D711D0024546F /* XCRemoteSwiftPackageReference "FitDataProtocol" */;
			productName = FitDataProtocol;
		};
		42E880CC257D97750024546F /* FitFileParser */ = {
			isa = XCSwiftPackageProductDependency;
			package = 42E880AD257D6F860024546F /* XCRemoteSwiftPackageReference "FitFileParser" */;
			productName = FitFileParser;
		};
		92AAA76D2DCFE49700602A8B /* FITSwiftSDK */ = {
			isa = XCSwiftPackageProductDependency;
			package = 92AAA76C2DCFE49700602A8B /* XCRemoteSwiftPackageReference "fit-swift-sdk" */;
			productName = FITSwiftSDK;
		};
		92AAA76F2DCFEED700602A8B /* ArgumentParser */ = {
			isa = XCSwiftPackageProductDependency;
			package = 42E880B2257D6FF60024546F /* XCRemoteSwiftPackageReference "swift-argument-parser" */;
			productName = ArgumentParser;
		};
/* End XCSwiftPackageProductDependency section */
	};
	rootObject = 42E8808D257D6F2A0024546F /* Project object */;
}
