{
  "object": {
    "pins": [
      {
        "package": "AntMessageProtocol",
        "repositoryURL": "https://github.com/FitnessKit/AntMessageProtocol",
        "state": {
          "branch": null,
          "revision": "7aedde86a6875fc3ae2545ae6c70600ebef18e1c",
          "version": "1.1.0"
        }
      },
      {
        "package": "DataDecoder",
        "repositoryURL": "https://github.com/FitnessKit/DataDecoder",
        "state": {
          "branch": null,
          "revision": "8ca8aefc505833d3ca67e6070169472a7103594e",
          "version": "5.0.0"
        }
      },
      {
        "package": "FitDataProtocol",
        "repositoryURL": "https://github.com/FitnessKit/FitDataProtocol",
        "state": {
          "branch": null,
          "revision": "9bb383a7739423eea5ea0bde17e0b096ae222f34",
          "version": "2.1.0"
        }
      },
      {
        "package": "FitFileParser",
        "repositoryURL": "https://github.com/roznet/FitFileParser.git",
        "state": {
          "branch": null,
          "revision": "f142941777e5bf1dcb2af0762b7987146df819c8",
          "version": "1.4.5"
        }
      },
      {
        "package": "FitnessUnits",
        "repositoryURL": "https://github.com/FitnessKit/FitnessUnits",
        "state": {
          "branch": null,
          "revision": "12af59a7025decf46b7e0a4bb7b1eb480b1c9e5c",
          "version": "3.1.0"
        }
      },
      {
        "package": "swift-argument-parser",
        "repositoryURL": "https://github.com/apple/swift-argument-parser",
        "state": {
          "branch": null,
          "revision": "6b2aa2748a7881eebb9f84fb10c01293e15b52ca",
          "version": "0.5.0"
        }
      }
    ]
  },
  "version": 1
}
